// !$*UTF8*$!
{
	archiveVersion = 1;
	classes = {
	};
	objectVersion = 50;
	objects = {

/* Begin PBXBuildFile section */
		AC03DCDF213D545D00730DCD /* ColumnType.swift in Sources */ = {isa = PBXBuildFile; fileRef = AC03DCDE213D545D00730DCD /* ColumnType.swift */; };
		AC03DCE0213D545D00730DCD /* ColumnType.swift in Sources */ = {isa = PBXBuildFile; fileRef = AC03DCDE213D545D00730DCD /* ColumnType.swift */; };
		AC03DCE3213D600800730DCD /* block_one.json in Resources */ = {isa = PBXBuildFile; fileRef = AC03DCE1213D600800730DCD /* block_one.json */; };
		AC03DCF9213D61AF00730DCD /* block_two.json in Resources */ = {isa = PBXBuildFile; fileRef = AC03DCF8213D61AF00730DCD /* block_two.json */; };
		AC03DD00213DC2F200730DCD /* CodableHelper.swift in Sources */ = {isa = PBXBuildFile; fileRef = AC03DCFF213DC2F200730DCD /* CodableHelper.swift */; };
		AC03DD01213DC2F200730DCD /* CodableHelper.swift in Sources */ = {isa = PBXBuildFile; fileRef = AC03DCFF213DC2F200730DCD /* CodableHelper.swift */; };
		AC06D84720FF30D000770DBB /* AppDelegate.swift in Sources */ = {isa = PBXBuildFile; fileRef = AC06D84620FF30D000770DBB /* AppDelegate.swift */; };
		AC06D84E20FF30D100770DBB /* Main.storyboard in Resources */ = {isa = PBXBuildFile; fileRef = AC06D84C20FF30D100770DBB /* Main.storyboard */; };
		AC06D86520FF30D100770DBB /* CopyCodeUITests.swift in Sources */ = {isa = PBXBuildFile; fileRef = AC06D86420FF30D100770DBB /* CopyCodeUITests.swift */; };
		AC06D87620FF4D1E00770DBB /* Double.swift in Sources */ = {isa = PBXBuildFile; fileRef = AC06D87520FF4D1E00770DBB /* Double.swift */; };
		AC06D87820FF4D3900770DBB /* NSImage.swift in Sources */ = {isa = PBXBuildFile; fileRef = AC06D87720FF4D3900770DBB /* NSImage.swift */; };
		AC06D87A20FF4D7200770DBB /* Thread.swift in Sources */ = {isa = PBXBuildFile; fileRef = AC06D87920FF4D7200770DBB /* Thread.swift */; };
		AC06D87C20FF4D8B00770DBB /* Array.swift in Sources */ = {isa = PBXBuildFile; fileRef = AC06D87B20FF4D8B00770DBB /* Array.swift */; };
		AC06D87E20FF4DA100770DBB /* CGRect.swift in Sources */ = {isa = PBXBuildFile; fileRef = AC06D87D20FF4DA100770DBB /* CGRect.swift */; };
		AC06D88020FF4DB900770DBB /* NSBitmapImageRep.swift in Sources */ = {isa = PBXBuildFile; fileRef = AC06D87F20FF4DB900770DBB /* NSBitmapImageRep.swift */; };
		AC06D88220FF4DCD00770DBB /* NSColor.swift in Sources */ = {isa = PBXBuildFile; fileRef = AC06D88120FF4DCD00770DBB /* NSColor.swift */; };
		AC06D88420FF4DE300770DBB /* CGPoint.swift in Sources */ = {isa = PBXBuildFile; fileRef = AC06D88320FF4DE300770DBB /* CGPoint.swift */; };
		AC06D88720FF4ED100770DBB /* Timer.swift in Sources */ = {isa = PBXBuildFile; fileRef = AC06D88620FF4ED100770DBB /* Timer.swift */; };
		AC06D88B20FF4F0C00770DBB /* Tree.swift in Sources */ = {isa = PBXBuildFile; fileRef = AC06D88A20FF4F0C00770DBB /* Tree.swift */; };
		AC06D88D20FF4F7400770DBB /* VNRectangleObservation.swift in Sources */ = {isa = PBXBuildFile; fileRef = AC06D88C20FF4F7400770DBB /* VNRectangleObservation.swift */; };
		AC06D89120FF500200770DBB /* ScreenShot.swift in Sources */ = {isa = PBXBuildFile; fileRef = AC06D89020FF500200770DBB /* ScreenShot.swift */; };
		AC06D89420FF504900770DBB /* Panel.swift in Sources */ = {isa = PBXBuildFile; fileRef = AC06D89220FF504800770DBB /* Panel.swift */; };
		AC06D89520FF504900770DBB /* Panel.xib in Resources */ = {isa = PBXBuildFile; fileRef = AC06D89320FF504900770DBB /* Panel.xib */; };
		AC06D89720FF514700770DBB /* PanelController.swift in Sources */ = {isa = PBXBuildFile; fileRef = AC06D89620FF514700770DBB /* PanelController.swift */; };
		AC06D89A20FF51CF00770DBB /* TextDetection.swift in Sources */ = {isa = PBXBuildFile; fileRef = AC06D89920FF51CF00770DBB /* TextDetection.swift */; };
		AC06D89E20FF538300770DBB /* LetterRecognizer.swift in Sources */ = {isa = PBXBuildFile; fileRef = AC06D89D20FF538300770DBB /* LetterRecognizer.swift */; };
		AC06D8A7210207FF00770DBB /* WordType.swift in Sources */ = {isa = PBXBuildFile; fileRef = AC06D8A6210207FF00770DBB /* WordType.swift */; };
		AC06D8AC21020A9D00770DBB /* WordTypeIdentifier.swift in Sources */ = {isa = PBXBuildFile; fileRef = AC06D8AB21020A9D00770DBB /* WordTypeIdentifier.swift */; };
		AC06D8AE21020B9800770DBB /* TypeConverter.swift in Sources */ = {isa = PBXBuildFile; fileRef = AC06D8AD21020B9800770DBB /* TypeConverter.swift */; };
		AC06D8B021020D3000770DBB /* WordFactor.swift in Sources */ = {isa = PBXBuildFile; fileRef = AC06D8AF21020D3000770DBB /* WordFactor.swift */; };
		AC15F81C214CE102001DC55E /* SortedArray.swift in Sources */ = {isa = PBXBuildFile; fileRef = AC15F81B214CE102001DC55E /* SortedArray.swift */; };
		AC15F81D214CE102001DC55E /* SortedArray.swift in Sources */ = {isa = PBXBuildFile; fileRef = AC15F81B214CE102001DC55E /* SortedArray.swift */; };
		AC15F81F214D0ADD001DC55E /* BlockSplitter.swift in Sources */ = {isa = PBXBuildFile; fileRef = AC15F81E214D0ADD001DC55E /* BlockSplitter.swift */; };
		AC15F820214D0ADD001DC55E /* BlockSplitter.swift in Sources */ = {isa = PBXBuildFile; fileRef = AC15F81E214D0ADD001DC55E /* BlockSplitter.swift */; };
		AC199EAC211A9A5F00B53656 /* letter_type_classification.json in Resources */ = {isa = PBXBuildFile; fileRef = AC199EAB211A9A5F00B53656 /* letter_type_classification.json */; };
		AC1C54D6211878570000460D /* Info.plist in Resources */ = {isa = PBXBuildFile; fileRef = AC06D85B20FF30D100770DBB /* Info.plist */; };
		AC2405592114B19200017B6F /* TreeLetterType.swift in Sources */ = {isa = PBXBuildFile; fileRef = AC2405582114B19200017B6F /* TreeLetterType.swift */; };
		AC24055A2114B19200017B6F /* TreeLetterType.swift in Sources */ = {isa = PBXBuildFile; fileRef = AC2405582114B19200017B6F /* TreeLetterType.swift */; };
		AC250A5E214EBC4500E6D596 /* TextTranscriptor.swift in Sources */ = {isa = PBXBuildFile; fileRef = AC250A5D214EBC4500E6D596 /* TextTranscriptor.swift */; };
		AC250A5F214EBC4500E6D596 /* TextTranscriptor.swift in Sources */ = {isa = PBXBuildFile; fileRef = AC250A5D214EBC4500E6D596 /* TextTranscriptor.swift */; };
		AC250A61214EC02A00E6D596 /* TypographicalGrid.swift in Sources */ = {isa = PBXBuildFile; fileRef = AC250A60214EC02A00E6D596 /* TypographicalGrid.swift */; };
		AC250A62214EC02A00E6D596 /* TypographicalGrid.swift in Sources */ = {isa = PBXBuildFile; fileRef = AC250A60214EC02A00E6D596 /* TypographicalGrid.swift */; };
		AC250A64214ECA9100E6D596 /* Typography.swift in Sources */ = {isa = PBXBuildFile; fileRef = AC250A63214ECA9100E6D596 /* Typography.swift */; };
		AC250A65214ECA9100E6D596 /* Typography.swift in Sources */ = {isa = PBXBuildFile; fileRef = AC250A63214ECA9100E6D596 /* Typography.swift */; };
		AC250A67214EDF7D00E6D596 /* String.swift in Sources */ = {isa = PBXBuildFile; fileRef = AC250A66214EDF7D00E6D596 /* String.swift */; };
		AC250A68214EDF7D00E6D596 /* String.swift in Sources */ = {isa = PBXBuildFile; fileRef = AC250A66214EDF7D00E6D596 /* String.swift */; };
		AC250A6A214EE59800E6D596 /* block_one_completed.json in Resources */ = {isa = PBXBuildFile; fileRef = AC250A69214EE59800E6D596 /* block_one_completed.json */; };
		AC250A6C214EE92900E6D596 /* LeadingTests.swift in Sources */ = {isa = PBXBuildFile; fileRef = AC250A6B214EE92900E6D596 /* LeadingTests.swift */; };
		AC250A6E214EF49400E6D596 /* TextTranscriptorTests.swift in Sources */ = {isa = PBXBuildFile; fileRef = AC250A6D214EF49400E6D596 /* TextTranscriptorTests.swift */; };
		AC2B7010210CF6B7008743C9 /* LetterExistenceChecker.swift in Sources */ = {isa = PBXBuildFile; fileRef = AC2B700F210CF6B7008743C9 /* LetterExistenceChecker.swift */; };
		AC2B7011210CF6B7008743C9 /* LetterExistenceChecker.swift in Sources */ = {isa = PBXBuildFile; fileRef = AC2B700F210CF6B7008743C9 /* LetterExistenceChecker.swift */; };
		AC2EC56621161E120085F4DE /* LetterTypeClassificationTests.swift in Sources */ = {isa = PBXBuildFile; fileRef = AC2EC56521161E120085F4DE /* LetterTypeClassificationTests.swift */; };
		AC31C3C62114330000E09F91 /* Checker.swift in Sources */ = {isa = PBXBuildFile; fileRef = AC31C3C52114330000E09F91 /* Checker.swift */; };
		AC31C3C72114330000E09F91 /* Checker.swift in Sources */ = {isa = PBXBuildFile; fileRef = AC31C3C52114330000E09F91 /* Checker.swift */; };
		AC31C3CB2114570F00E09F91 /* TreeOCRData.swift in Sources */ = {isa = PBXBuildFile; fileRef = AC31C3CA2114570F00E09F91 /* TreeOCRData.swift */; };
		AC31C3CC2114570F00E09F91 /* TreeOCRData.swift in Sources */ = {isa = PBXBuildFile; fileRef = AC31C3CA2114570F00E09F91 /* TreeOCRData.swift */; };
		AC31C3CE2114573100E09F91 /* TreeOCR.swift in Sources */ = {isa = PBXBuildFile; fileRef = AC31C3CD2114573100E09F91 /* TreeOCR.swift */; };
		AC31C3CF2114573100E09F91 /* TreeOCR.swift in Sources */ = {isa = PBXBuildFile; fileRef = AC31C3CD2114573100E09F91 /* TreeOCR.swift */; };
		AC365FC52110AF7B00764834 /* DigitColumnSplitter.swift in Sources */ = {isa = PBXBuildFile; fileRef = AC365FC42110AF7B00764834 /* DigitColumnSplitter.swift */; };
		AC365FC62110AF7B00764834 /* DigitColumnSplitter.swift in Sources */ = {isa = PBXBuildFile; fileRef = AC365FC42110AF7B00764834 /* DigitColumnSplitter.swift */; };
		AC42D3F2212D502E0086A728 /* WordSplitter.swift in Sources */ = {isa = PBXBuildFile; fileRef = AC42D3F1212D502E0086A728 /* WordSplitter.swift */; };
		AC42D3F3212D502E0086A728 /* WordSplitter.swift in Sources */ = {isa = PBXBuildFile; fileRef = AC42D3F1212D502E0086A728 /* WordSplitter.swift */; };
		AC457DF32148198700D9E69F /* BlockTestHelper.swift in Sources */ = {isa = PBXBuildFile; fileRef = AC457DF22148198700D9E69F /* BlockTestHelper.swift */; };
		AC4CA3F221025DCA0093D938 /* WordTypeIdentifier.swift in Sources */ = {isa = PBXBuildFile; fileRef = AC06D8AB21020A9D00770DBB /* WordTypeIdentifier.swift */; };
		AC4CA3F321025DDA0093D938 /* Timer.swift in Sources */ = {isa = PBXBuildFile; fileRef = AC06D88620FF4ED100770DBB /* Timer.swift */; };
		AC4CA3F521025DDF0093D938 /* Double.swift in Sources */ = {isa = PBXBuildFile; fileRef = AC06D87520FF4D1E00770DBB /* Double.swift */; };
		AC4CA3F621025DDF0093D938 /* NSImage.swift in Sources */ = {isa = PBXBuildFile; fileRef = AC06D87720FF4D3900770DBB /* NSImage.swift */; };
		AC4CA3F721025DDF0093D938 /* Thread.swift in Sources */ = {isa = PBXBuildFile; fileRef = AC06D87920FF4D7200770DBB /* Thread.swift */; };
		AC4CA3F821025DDF0093D938 /* Array.swift in Sources */ = {isa = PBXBuildFile; fileRef = AC06D87B20FF4D8B00770DBB /* Array.swift */; };
		AC4CA3F921025DDF0093D938 /* CGRect.swift in Sources */ = {isa = PBXBuildFile; fileRef = AC06D87D20FF4DA100770DBB /* CGRect.swift */; };
		AC4CA3FA21025DDF0093D938 /* NSBitmapImageRep.swift in Sources */ = {isa = PBXBuildFile; fileRef = AC06D87F20FF4DB900770DBB /* NSBitmapImageRep.swift */; };
		AC4CA3FB21025DDF0093D938 /* NSColor.swift in Sources */ = {isa = PBXBuildFile; fileRef = AC06D88120FF4DCD00770DBB /* NSColor.swift */; };
		AC4CA3FC21025DDF0093D938 /* CGPoint.swift in Sources */ = {isa = PBXBuildFile; fileRef = AC06D88320FF4DE300770DBB /* CGPoint.swift */; };
		AC4CA3FD21025DDF0093D938 /* VNRectangleObservation.swift in Sources */ = {isa = PBXBuildFile; fileRef = AC06D88C20FF4F7400770DBB /* VNRectangleObservation.swift */; };
		AC4CA3FE21025DE30093D938 /* Tree.swift in Sources */ = {isa = PBXBuildFile; fileRef = AC06D88A20FF4F0C00770DBB /* Tree.swift */; };
		AC4CA40021025DE30093D938 /* ScreenShot.swift in Sources */ = {isa = PBXBuildFile; fileRef = AC06D89020FF500200770DBB /* ScreenShot.swift */; };
		AC4CA40121025DE30093D938 /* TextDetection.swift in Sources */ = {isa = PBXBuildFile; fileRef = AC06D89920FF51CF00770DBB /* TextDetection.swift */; };
		AC4CA40221025DE30093D938 /* LetterRecognizer.swift in Sources */ = {isa = PBXBuildFile; fileRef = AC06D89D20FF538300770DBB /* LetterRecognizer.swift */; };
		AC4CA40421025DE30093D938 /* WordType.swift in Sources */ = {isa = PBXBuildFile; fileRef = AC06D8A6210207FF00770DBB /* WordType.swift */; };
		AC4CA40521025DE30093D938 /* TypeConverter.swift in Sources */ = {isa = PBXBuildFile; fileRef = AC06D8AD21020B9800770DBB /* TypeConverter.swift */; };
		AC4CA40621025DE30093D938 /* WordFactor.swift in Sources */ = {isa = PBXBuildFile; fileRef = AC06D8AF21020D3000770DBB /* WordFactor.swift */; };
		AC4CA40A210462510093D938 /* BlockCreator.swift in Sources */ = {isa = PBXBuildFile; fileRef = AC4CA409210462510093D938 /* BlockCreator.swift */; };
		AC50A875212F2D7700B196BE /* PixelConverter.swift in Sources */ = {isa = PBXBuildFile; fileRef = AC50A874212F2D7700B196BE /* PixelConverter.swift */; };
		AC50A876212F2D7700B196BE /* PixelConverter.swift in Sources */ = {isa = PBXBuildFile; fileRef = AC50A874212F2D7700B196BE /* PixelConverter.swift */; };
		AC50A8792133ECD900B196BE /* MissingElementsFinder.swift in Sources */ = {isa = PBXBuildFile; fileRef = AC50A8782133ECD900B196BE /* MissingElementsFinder.swift */; };
		AC50A87A2133ECD900B196BE /* MissingElementsFinder.swift in Sources */ = {isa = PBXBuildFile; fileRef = AC50A8782133ECD900B196BE /* MissingElementsFinder.swift */; };
		AC50A87C2133F2F000B196BE /* LetterPixelFinder.swift in Sources */ = {isa = PBXBuildFile; fileRef = AC50A87B2133F2F000B196BE /* LetterPixelFinder.swift */; };
		AC50A87D2133F2F000B196BE /* LetterPixelFinder.swift in Sources */ = {isa = PBXBuildFile; fileRef = AC50A87B2133F2F000B196BE /* LetterPixelFinder.swift */; };
		AC50A8822133FBDD00B196BE /* LetterPixelFinderTests.swift in Sources */ = {isa = PBXBuildFile; fileRef = AC50A8812133FBDD00B196BE /* LetterPixelFinderTests.swift */; };
		AC50A8842134003000B196BE /* missing_dot.json in Resources */ = {isa = PBXBuildFile; fileRef = AC50A8832134003000B196BE /* missing_dot.json */; };
		AC50A8882135461B00B196BE /* missing_dash.json in Resources */ = {isa = PBXBuildFile; fileRef = AC50A8872135461B00B196BE /* missing_dash.json */; };
		AC50A88A2135492300B196BE /* missing_quotes.json in Resources */ = {isa = PBXBuildFile; fileRef = AC50A8892135492300B196BE /* missing_quotes.json */; };
		AC50A88C21354D1C00B196BE /* missing_equal.json in Resources */ = {isa = PBXBuildFile; fileRef = AC50A88B21354D1C00B196BE /* missing_equal.json */; };
		AC50A88E2135BA8100B196BE /* missing_underscore.json in Resources */ = {isa = PBXBuildFile; fileRef = AC50A88D2135BA8100B196BE /* missing_underscore.json */; };
		AC675775212C578B0051C34A /* ClosedRange.swift in Sources */ = {isa = PBXBuildFile; fileRef = AC675774212C578B0051C34A /* ClosedRange.swift */; };
		AC675776212C578B0051C34A /* ClosedRange.swift in Sources */ = {isa = PBXBuildFile; fileRef = AC675774212C578B0051C34A /* ClosedRange.swift */; };
		AC675778212C57CF0051C34A /* GapsCreator.swift in Sources */ = {isa = PBXBuildFile; fileRef = AC675777212C57CF0051C34A /* GapsCreator.swift */; };
		AC675779212C57CF0051C34A /* GapsCreator.swift in Sources */ = {isa = PBXBuildFile; fileRef = AC675777212C57CF0051C34A /* GapsCreator.swift */; };
		AC67577B212C5A470051C34A /* CustomColumnCreator.swift in Sources */ = {isa = PBXBuildFile; fileRef = AC67577A212C5A470051C34A /* CustomColumnCreator.swift */; };
		AC67577C212C5A470051C34A /* CustomColumnCreator.swift in Sources */ = {isa = PBXBuildFile; fileRef = AC67577A212C5A470051C34A /* CustomColumnCreator.swift */; };
		AC6B2E48214BBAB3000ACEDC /* block_with_comments.json in Resources */ = {isa = PBXBuildFile; fileRef = AC6B2E47214BBAB3000ACEDC /* block_with_comments.json */; };
		AC6B2E4A214BF220000ACEDC /* column_detection_words.json in Resources */ = {isa = PBXBuildFile; fileRef = AC6B2E49214BF220000ACEDC /* column_detection_words.json */; };
		AC6B2E4C214BF25B000ACEDC /* DigitColumnDetectionTests.swift in Sources */ = {isa = PBXBuildFile; fileRef = AC6B2E4B214BF25B000ACEDC /* DigitColumnDetectionTests.swift */; };
		AC6B2E4E214BF3B9000ACEDC /* Assets.xcassets in Resources */ = {isa = PBXBuildFile; fileRef = AC6B2E4D214BF3B9000ACEDC /* Assets.xcassets */; };
		AC6B2E4F214BF3B9000ACEDC /* Assets.xcassets in Resources */ = {isa = PBXBuildFile; fileRef = AC6B2E4D214BF3B9000ACEDC /* Assets.xcassets */; };
		AC71FB632112E79500EE41C6 /* Protocol.swift in Sources */ = {isa = PBXBuildFile; fileRef = AC71FB622112E79500EE41C6 /* Protocol.swift */; };
		AC71FB642112E79500EE41C6 /* Protocol.swift in Sources */ = {isa = PBXBuildFile; fileRef = AC71FB622112E79500EE41C6 /* Protocol.swift */; };
		AC71FB672112EAC400EE41C6 /* LineCreator.swift in Sources */ = {isa = PBXBuildFile; fileRef = AC71FB662112EAC400EE41C6 /* LineCreator.swift */; };
		AC71FB682112EAC400EE41C6 /* LineCreator.swift in Sources */ = {isa = PBXBuildFile; fileRef = AC71FB662112EAC400EE41C6 /* LineCreator.swift */; };
		AC71FB6A2112EBCE00EE41C6 /* Letter.swift in Sources */ = {isa = PBXBuildFile; fileRef = AC71FB692112EBCE00EE41C6 /* Letter.swift */; };
		AC71FB6B2112EBCE00EE41C6 /* Letter.swift in Sources */ = {isa = PBXBuildFile; fileRef = AC71FB692112EBCE00EE41C6 /* Letter.swift */; };
		AC71FB6D2112EC3500EE41C6 /* Word.swift in Sources */ = {isa = PBXBuildFile; fileRef = AC71FB6C2112EC3500EE41C6 /* Word.swift */; };
		AC71FB6E2112EC3500EE41C6 /* Word.swift in Sources */ = {isa = PBXBuildFile; fileRef = AC71FB6C2112EC3500EE41C6 /* Word.swift */; };
		AC71FB702112EE8B00EE41C6 /* GlobalMethods.swift in Sources */ = {isa = PBXBuildFile; fileRef = AC71FB6F2112EE8B00EE41C6 /* GlobalMethods.swift */; };
		AC71FB712112EE8B00EE41C6 /* GlobalMethods.swift in Sources */ = {isa = PBXBuildFile; fileRef = AC71FB6F2112EE8B00EE41C6 /* GlobalMethods.swift */; };
		AC71FB762112F17E00EE41C6 /* Line.swift in Sources */ = {isa = PBXBuildFile; fileRef = AC71FB752112F17E00EE41C6 /* Line.swift */; };
		AC71FB772112F17E00EE41C6 /* Line.swift in Sources */ = {isa = PBXBuildFile; fileRef = AC71FB752112F17E00EE41C6 /* Line.swift */; };
		AC71FB792112F1BB00EE41C6 /* Block.swift in Sources */ = {isa = PBXBuildFile; fileRef = AC71FB782112F1BB00EE41C6 /* Block.swift */; };
		AC71FB7A2112F1BB00EE41C6 /* Block.swift in Sources */ = {isa = PBXBuildFile; fileRef = AC71FB782112F1BB00EE41C6 /* Block.swift */; };
		AC71FB7C2112F1F300EE41C6 /* Column.swift in Sources */ = {isa = PBXBuildFile; fileRef = AC71FB7B2112F1F300EE41C6 /* Column.swift */; };
		AC71FB7D2112F1F300EE41C6 /* Column.swift in Sources */ = {isa = PBXBuildFile; fileRef = AC71FB7B2112F1F300EE41C6 /* Column.swift */; };
		AC785A63214D80D2002C918D /* TextViewCreator.swift in Sources */ = {isa = PBXBuildFile; fileRef = AC785A62214D80D2002C918D /* TextViewCreator.swift */; };
		AC8C0A9A21491AA500F0FD13 /* EqualityChecker.swift in Sources */ = {isa = PBXBuildFile; fileRef = AC8C0A9921491AA500F0FD13 /* EqualityChecker.swift */; };
		AC8C0A9B21491AA500F0FD13 /* EqualityChecker.swift in Sources */ = {isa = PBXBuildFile; fileRef = AC8C0A9921491AA500F0FD13 /* EqualityChecker.swift */; };
		AC8C0A9E214A4DEA00F0FD13 /* Leading.swift in Sources */ = {isa = PBXBuildFile; fileRef = AC8C0A9D214A4DEA00F0FD13 /* Leading.swift */; };
		AC8C0A9F214A4DEA00F0FD13 /* Leading.swift in Sources */ = {isa = PBXBuildFile; fileRef = AC8C0A9D214A4DEA00F0FD13 /* Leading.swift */; };
		AC8C0AA1214A4E0200F0FD13 /* LeadingDistanceFinder.swift in Sources */ = {isa = PBXBuildFile; fileRef = AC8C0AA0214A4E0200F0FD13 /* LeadingDistanceFinder.swift */; };
		AC8C0AA2214A4E0200F0FD13 /* LeadingDistanceFinder.swift in Sources */ = {isa = PBXBuildFile; fileRef = AC8C0AA0214A4E0200F0FD13 /* LeadingDistanceFinder.swift */; };
		AC8C0AA4214A4ECB00F0FD13 /* LeadingStartPointFinder.swift in Sources */ = {isa = PBXBuildFile; fileRef = AC8C0AA3214A4ECB00F0FD13 /* LeadingStartPointFinder.swift */; };
		AC8C0AA5214A4ECB00F0FD13 /* LeadingStartPointFinder.swift in Sources */ = {isa = PBXBuildFile; fileRef = AC8C0AA3214A4ECB00F0FD13 /* LeadingStartPointFinder.swift */; };
		AC8C0AA7214A568D00F0FD13 /* Slicer.swift in Sources */ = {isa = PBXBuildFile; fileRef = AC8C0AA6214A568D00F0FD13 /* Slicer.swift */; };
		AC8C0AA8214A568D00F0FD13 /* Slicer.swift in Sources */ = {isa = PBXBuildFile; fileRef = AC8C0AA6214A568D00F0FD13 /* Slicer.swift */; };
		AC8C0AAA214A605600F0FD13 /* LeadingChecker.swift in Sources */ = {isa = PBXBuildFile; fileRef = AC8C0AA9214A605600F0FD13 /* LeadingChecker.swift */; };
		AC8C0AAB214A605600F0FD13 /* LeadingChecker.swift in Sources */ = {isa = PBXBuildFile; fileRef = AC8C0AA9214A605600F0FD13 /* LeadingChecker.swift */; };
		AC8C0AAD214A67CC00F0FD13 /* LeadingFinder.swift in Sources */ = {isa = PBXBuildFile; fileRef = AC8C0AAC214A67CC00F0FD13 /* LeadingFinder.swift */; };
		AC8C0AAE214A67CC00F0FD13 /* LeadingFinder.swift in Sources */ = {isa = PBXBuildFile; fileRef = AC8C0AAC214A67CC00F0FD13 /* LeadingFinder.swift */; };
		AC8C0AB1214AB01400F0FD13 /* block_one_code.json in Resources */ = {isa = PBXBuildFile; fileRef = AC8C0AAF214AB01400F0FD13 /* block_one_code.json */; };
		AC8C0AB4214AB14500F0FD13 /* LeadingDistanceFinderTests.swift in Sources */ = {isa = PBXBuildFile; fileRef = AC8C0AB3214AB14500F0FD13 /* LeadingDistanceFinderTests.swift */; };
		AC8C0AB6214AE76500F0FD13 /* LeadingFinderTests.swift in Sources */ = {isa = PBXBuildFile; fileRef = AC8C0AB5214AE76500F0FD13 /* LeadingFinderTests.swift */; };
		AC8E89642126C89800B97163 /* TreeOCRUpperData.swift in Sources */ = {isa = PBXBuildFile; fileRef = AC8E89632126C89800B97163 /* TreeOCRUpperData.swift */; };
		AC8E89652126C89800B97163 /* TreeOCRUpperData.swift in Sources */ = {isa = PBXBuildFile; fileRef = AC8E89632126C89800B97163 /* TreeOCRUpperData.swift */; };
		AC8E89672126F08800B97163 /* TreeOCRLowData.swift in Sources */ = {isa = PBXBuildFile; fileRef = AC8E89662126F08800B97163 /* TreeOCRLowData.swift */; };
		AC8E89682126F08800B97163 /* TreeOCRLowData.swift in Sources */ = {isa = PBXBuildFile; fileRef = AC8E89662126F08800B97163 /* TreeOCRLowData.swift */; };
		AC8EB593213EBF72003D345B /* Collection.swift in Sources */ = {isa = PBXBuildFile; fileRef = AC8EB592213EBF72003D345B /* Collection.swift */; };
		AC8EB594213EBF72003D345B /* Collection.swift in Sources */ = {isa = PBXBuildFile; fileRef = AC8EB592213EBF72003D345B /* Collection.swift */; };
		AC95B4A521410B2F0007B5C5 /* TrackingInfoFinder.swift in Sources */ = {isa = PBXBuildFile; fileRef = AC95B4A421410B2F0007B5C5 /* TrackingInfoFinder.swift */; };
		AC95B4A621410B2F0007B5C5 /* TrackingInfoFinder.swift in Sources */ = {isa = PBXBuildFile; fileRef = AC95B4A421410B2F0007B5C5 /* TrackingInfoFinder.swift */; };
		AC95B4A921410FC50007B5C5 /* TrackingDistanceFinder.swift in Sources */ = {isa = PBXBuildFile; fileRef = AC95B4A821410FC50007B5C5 /* TrackingDistanceFinder.swift */; };
		AC95B4AA21410FC50007B5C5 /* TrackingDistanceFinder.swift in Sources */ = {isa = PBXBuildFile; fileRef = AC95B4A821410FC50007B5C5 /* TrackingDistanceFinder.swift */; };
		AC95B4AC2141286A0007B5C5 /* TrackingStartPointFinder.swift in Sources */ = {isa = PBXBuildFile; fileRef = AC95B4AB2141286A0007B5C5 /* TrackingStartPointFinder.swift */; };
		AC95B4AD2141286A0007B5C5 /* TrackingStartPointFinder.swift in Sources */ = {isa = PBXBuildFile; fileRef = AC95B4AB2141286A0007B5C5 /* TrackingStartPointFinder.swift */; };
		AC95B4AF21412B1F0007B5C5 /* TrackingChecker.swift in Sources */ = {isa = PBXBuildFile; fileRef = AC95B4AE21412B1F0007B5C5 /* TrackingChecker.swift */; };
		AC95B4B021412B1F0007B5C5 /* TrackingChecker.swift in Sources */ = {isa = PBXBuildFile; fileRef = AC95B4AE21412B1F0007B5C5 /* TrackingChecker.swift */; };
		AC95B4B2214130C60007B5C5 /* Tracking.swift in Sources */ = {isa = PBXBuildFile; fileRef = AC95B4B1214130C60007B5C5 /* Tracking.swift */; };
		AC95B4B3214130C60007B5C5 /* Tracking.swift in Sources */ = {isa = PBXBuildFile; fileRef = AC95B4B1214130C60007B5C5 /* Tracking.swift */; };
		AC95B4B9214139FB0007B5C5 /* TrackingDistanceFinderTests.swift in Sources */ = {isa = PBXBuildFile; fileRef = AC95B4B8214139FB0007B5C5 /* TrackingDistanceFinderTests.swift */; };
		AC95B4C3214142760007B5C5 /* TrackingInfoFinderTests.swift in Sources */ = {isa = PBXBuildFile; fileRef = AC95B4C2214142760007B5C5 /* TrackingInfoFinderTests.swift */; };
		AC95B4C6214152120007B5C5 /* ClosedRangeTests.swift in Sources */ = {isa = PBXBuildFile; fileRef = AC95B4C5214152120007B5C5 /* ClosedRangeTests.swift */; };
		AC95B4CA214261010007B5C5 /* TrackingPreliminaryLetterWidthDetection.swift in Sources */ = {isa = PBXBuildFile; fileRef = AC95B4C9214261010007B5C5 /* TrackingPreliminaryLetterWidthDetection.swift */; };
		AC95B4CB214261010007B5C5 /* TrackingPreliminaryLetterWidthDetection.swift in Sources */ = {isa = PBXBuildFile; fileRef = AC95B4C9214261010007B5C5 /* TrackingPreliminaryLetterWidthDetection.swift */; };
		AC9EF09821232861004ED89D /* OCRPicture.swift in Sources */ = {isa = PBXBuildFile; fileRef = AC9EF09721232861004ED89D /* OCRPicture.swift */; };
		AC9EF09A212328B8004ED89D /* ocr_xcode_light_18.json in Resources */ = {isa = PBXBuildFile; fileRef = AC9EF099212328B8004ED89D /* ocr_xcode_light_18.json */; };
		AC9EF09C212328F2004ED89D /* ocr_xcode_light_14.json in Resources */ = {isa = PBXBuildFile; fileRef = AC9EF09B212328F2004ED89D /* ocr_xcode_light_14.json */; };
		AC9EF09E21232A12004ED89D /* ocr_xcode_light_12.json in Resources */ = {isa = PBXBuildFile; fileRef = AC9EF09D21232A12004ED89D /* ocr_xcode_light_12.json */; };
		AC9EF0A021232A8E004ED89D /* ocr_xcode_dark_12.json in Resources */ = {isa = PBXBuildFile; fileRef = AC9EF09F21232A8E004ED89D /* ocr_xcode_dark_12.json */; };
		AC9EF0A221232C00004ED89D /* ocr_xcode_dark_14.json in Resources */ = {isa = PBXBuildFile; fileRef = AC9EF0A121232C00004ED89D /* ocr_xcode_dark_14.json */; };
		AC9EF0A421232D11004ED89D /* ocr_xcode_dark_18.json in Resources */ = {isa = PBXBuildFile; fileRef = AC9EF0A321232D11004ED89D /* ocr_xcode_dark_18.json */; };
		AC9EF0A621232D78004ED89D /* ocr_sublime_dark_20.json in Resources */ = {isa = PBXBuildFile; fileRef = AC9EF0A521232D78004ED89D /* ocr_sublime_dark_20.json */; };
		AC9EF0A821232E24004ED89D /* ocr_sublime_dark_18.json in Resources */ = {isa = PBXBuildFile; fileRef = AC9EF0A721232E24004ED89D /* ocr_sublime_dark_18.json */; };
		AC9EF0AA21232EC7004ED89D /* ocr_sublime_dark_14.json in Resources */ = {isa = PBXBuildFile; fileRef = AC9EF0A921232EC7004ED89D /* ocr_sublime_dark_14.json */; };
		AC9EF0AC21232FE4004ED89D /* ocr_visual_20.json in Resources */ = {isa = PBXBuildFile; fileRef = AC9EF0AB21232FE4004ED89D /* ocr_visual_20.json */; };
		AC9EF0AE21233090004ED89D /* ocr_visual_18.json in Resources */ = {isa = PBXBuildFile; fileRef = AC9EF0AD21233090004ED89D /* ocr_visual_18.json */; };
		AC9EF0B021233191004ED89D /* ocr_visual_14.json in Resources */ = {isa = PBXBuildFile; fileRef = AC9EF0AF21233191004ED89D /* ocr_visual_14.json */; };
		AC9EF0B22123324A004ED89D /* ocr_visual_12.json in Resources */ = {isa = PBXBuildFile; fileRef = AC9EF0B12123324A004ED89D /* ocr_visual_12.json */; };
		ACAF236E2136C798009D8409 /* FrameRate.swift in Sources */ = {isa = PBXBuildFile; fileRef = ACAF236D2136C798009D8409 /* FrameRate.swift */; };
		ACAF236F2136C798009D8409 /* FrameRate.swift in Sources */ = {isa = PBXBuildFile; fileRef = ACAF236D2136C798009D8409 /* FrameRate.swift */; };
		ACAF237121381C95009D8409 /* Gap.swift in Sources */ = {isa = PBXBuildFile; fileRef = ACAF237021381C95009D8409 /* Gap.swift */; };
		ACAF237221381C95009D8409 /* Gap.swift in Sources */ = {isa = PBXBuildFile; fileRef = ACAF237021381C95009D8409 /* Gap.swift */; };
		ACAF237721393B45009D8409 /* ArrayTests.swift in Sources */ = {isa = PBXBuildFile; fileRef = ACAF237621393B44009D8409 /* ArrayTests.swift */; };
		ACAF237921398BD4009D8409 /* CGRectEdge.swift in Sources */ = {isa = PBXBuildFile; fileRef = ACAF237821398BD3009D8409 /* CGRectEdge.swift */; };
		ACAF237A21398BD4009D8409 /* CGRectEdge.swift in Sources */ = {isa = PBXBuildFile; fileRef = ACAF237821398BD3009D8409 /* CGRectEdge.swift */; };
		ACDA4A7B2114A58E00E3EC18 /* TreeLetterTypeData.swift in Sources */ = {isa = PBXBuildFile; fileRef = ACDA4A7A2114A58E00E3EC18 /* TreeLetterTypeData.swift */; };
		ACDA4A7C2114A58E00E3EC18 /* TreeLetterTypeData.swift in Sources */ = {isa = PBXBuildFile; fileRef = ACDA4A7A2114A58E00E3EC18 /* TreeLetterTypeData.swift */; };
		ACDBF272210F17EC00678812 /* BlockCreatorTests.swift in Sources */ = {isa = PBXBuildFile; fileRef = ACDBF271210F17EC00678812 /* BlockCreatorTests.swift */; };
		ACF1AC4F21079FA700897732 /* BlockCreator.swift in Sources */ = {isa = PBXBuildFile; fileRef = AC4CA409210462510093D938 /* BlockCreator.swift */; };
		ACF1AC512108BE0B00897732 /* Dictionary.swift in Sources */ = {isa = PBXBuildFile; fileRef = ACF1AC502108BE0B00897732 /* Dictionary.swift */; };
		ACF1AC522108BE0B00897732 /* Dictionary.swift in Sources */ = {isa = PBXBuildFile; fileRef = ACF1AC502108BE0B00897732 /* Dictionary.swift */; };
		ACF1AC542108F86C00897732 /* TextRecognizerManager.swift in Sources */ = {isa = PBXBuildFile; fileRef = ACF1AC532108F86C00897732 /* TextRecognizerManager.swift */; };
		ACF1AC552108F86C00897732 /* TextRecognizerManager.swift in Sources */ = {isa = PBXBuildFile; fileRef = ACF1AC532108F86C00897732 /* TextRecognizerManager.swift */; };
		ACF1AC58210B140200897732 /* WordRecognizer.swift in Sources */ = {isa = PBXBuildFile; fileRef = ACF1AC57210B140200897732 /* WordRecognizer.swift */; };
		ACF1AC59210B140200897732 /* WordRecognizer.swift in Sources */ = {isa = PBXBuildFile; fileRef = ACF1AC57210B140200897732 /* WordRecognizer.swift */; };
		ACF1AC5D210B180700897732 /* RectangleConverter.swift in Sources */ = {isa = PBXBuildFile; fileRef = ACF1AC5C210B180700897732 /* RectangleConverter.swift */; };
		ACF1AC5E210B180700897732 /* RectangleConverter.swift in Sources */ = {isa = PBXBuildFile; fileRef = ACF1AC5C210B180700897732 /* RectangleConverter.swift */; };
		ACF1AC60210B2D1100897732 /* DigitColumnDetection.swift in Sources */ = {isa = PBXBuildFile; fileRef = ACF1AC5F210B2D1100897732 /* DigitColumnDetection.swift */; };
		ACF1AC61210B2D1100897732 /* DigitColumnDetection.swift in Sources */ = {isa = PBXBuildFile; fileRef = ACF1AC5F210B2D1100897732 /* DigitColumnDetection.swift */; };
		ACF1AC63210B30A400897732 /* DigitColumnMerger.swift in Sources */ = {isa = PBXBuildFile; fileRef = ACF1AC62210B30A400897732 /* DigitColumnMerger.swift */; };
		ACF1AC64210B30A400897732 /* DigitColumnMerger.swift in Sources */ = {isa = PBXBuildFile; fileRef = ACF1AC62210B30A400897732 /* DigitColumnMerger.swift */; };
		ACF1AC6A210C9F4800897732 /* ColorPicker.swift in Sources */ = {isa = PBXBuildFile; fileRef = ACF1AC69210C9F4800897732 /* ColorPicker.swift */; };
		ACF1AC6B210C9F4800897732 /* ColorPicker.swift in Sources */ = {isa = PBXBuildFile; fileRef = ACF1AC69210C9F4800897732 /* ColorPicker.swift */; };
		ACF2569A21202C0500B2F084 /* LetterOCRTests.swift in Sources */ = {isa = PBXBuildFile; fileRef = ACF2569921202C0500B2F084 /* LetterOCRTests.swift */; };
		ACF2569C2120894800B2F084 /* letter_type_classification_black.json in Resources */ = {isa = PBXBuildFile; fileRef = ACF2569B2120894800B2F084 /* letter_type_classification_black.json */; };
		ACFC811F212DD61900700C25 /* LetterPixelChecker.swift in Sources */ = {isa = PBXBuildFile; fileRef = ACFC811E212DD61900700C25 /* LetterPixelChecker.swift */; };
		ACFC8120212DD61900700C25 /* LetterPixelChecker.swift in Sources */ = {isa = PBXBuildFile; fileRef = ACFC811E212DD61900700C25 /* LetterPixelChecker.swift */; };
		ACFC8122212DD86C00700C25 /* LetterTypeIdentifier.swift in Sources */ = {isa = PBXBuildFile; fileRef = ACFC8121212DD86C00700C25 /* LetterTypeIdentifier.swift */; };
		ACFC8123212DD86C00700C25 /* LetterTypeIdentifier.swift in Sources */ = {isa = PBXBuildFile; fileRef = ACFC8121212DD86C00700C25 /* LetterTypeIdentifier.swift */; };
		ACFC8125212E959600700C25 /* MissingElementsRestorer.swift in Sources */ = {isa = PBXBuildFile; fileRef = ACFC8124212E959600700C25 /* MissingElementsRestorer.swift */; };
		ACFC8126212E959600700C25 /* MissingElementsRestorer.swift in Sources */ = {isa = PBXBuildFile; fileRef = ACFC8124212E959600700C25 /* MissingElementsRestorer.swift */; };
/* End PBXBuildFile section */

/* Begin PBXContainerItemProxy section */
		AC06D85620FF30D100770DBB /* PBXContainerItemProxy */ = {
			isa = PBXContainerItemProxy;
			containerPortal = AC06D83B20FF30D000770DBB /* Project object */;
			proxyType = 1;
			remoteGlobalIDString = AC06D84220FF30D000770DBB;
			remoteInfo = CopyCode;
		};
		AC06D86120FF30D100770DBB /* PBXContainerItemProxy */ = {
			isa = PBXContainerItemProxy;
			containerPortal = AC06D83B20FF30D000770DBB /* Project object */;
			proxyType = 1;
			remoteGlobalIDString = AC06D84220FF30D000770DBB;
			remoteInfo = CopyCode;
		};
/* End PBXContainerItemProxy section */

/* Begin PBXFileReference section */
		AC03DCDE213D545D00730DCD /* ColumnType.swift */ = {isa = PBXFileReference; lastKnownFileType = sourcecode.swift; path = ColumnType.swift; sourceTree = "<group>"; };
		AC03DCE1213D600800730DCD /* block_one.json */ = {isa = PBXFileReference; lastKnownFileType = text.json; path = block_one.json; sourceTree = "<group>"; };
		AC03DCF8213D61AF00730DCD /* block_two.json */ = {isa = PBXFileReference; lastKnownFileType = text.json; path = block_two.json; sourceTree = "<group>"; };
		AC03DCFF213DC2F200730DCD /* CodableHelper.swift */ = {isa = PBXFileReference; lastKnownFileType = sourcecode.swift; path = CodableHelper.swift; sourceTree = "<group>"; };
		AC06D84320FF30D000770DBB /* CopyCode.app */ = {isa = PBXFileReference; explicitFileType = wrapper.application; includeInIndex = 0; path = CopyCode.app; sourceTree = BUILT_PRODUCTS_DIR; };
		AC06D84620FF30D000770DBB /* AppDelegate.swift */ = {isa = PBXFileReference; lastKnownFileType = sourcecode.swift; path = AppDelegate.swift; sourceTree = "<group>"; };
		AC06D84D20FF30D100770DBB /* Base */ = {isa = PBXFileReference; lastKnownFileType = file.storyboard; name = Base; path = Base.lproj/Main.storyboard; sourceTree = "<group>"; };
		AC06D84F20FF30D100770DBB /* Info.plist */ = {isa = PBXFileReference; lastKnownFileType = text.plist.xml; path = Info.plist; sourceTree = "<group>"; };
		AC06D85020FF30D100770DBB /* CopyCode.entitlements */ = {isa = PBXFileReference; lastKnownFileType = text.plist.entitlements; path = CopyCode.entitlements; sourceTree = "<group>"; };
		AC06D85520FF30D100770DBB /* CopyCodeTests.xctest */ = {isa = PBXFileReference; explicitFileType = wrapper.cfbundle; includeInIndex = 0; path = CopyCodeTests.xctest; sourceTree = BUILT_PRODUCTS_DIR; };
		AC06D85B20FF30D100770DBB /* Info.plist */ = {isa = PBXFileReference; lastKnownFileType = text.plist.xml; path = Info.plist; sourceTree = "<group>"; };
		AC06D86020FF30D100770DBB /* CopyCodeUITests.xctest */ = {isa = PBXFileReference; explicitFileType = wrapper.cfbundle; includeInIndex = 0; path = CopyCodeUITests.xctest; sourceTree = BUILT_PRODUCTS_DIR; };
		AC06D86420FF30D100770DBB /* CopyCodeUITests.swift */ = {isa = PBXFileReference; lastKnownFileType = sourcecode.swift; path = CopyCodeUITests.swift; sourceTree = "<group>"; };
		AC06D86620FF30D100770DBB /* Info.plist */ = {isa = PBXFileReference; lastKnownFileType = text.plist.xml; path = Info.plist; sourceTree = "<group>"; };
		AC06D87520FF4D1E00770DBB /* Double.swift */ = {isa = PBXFileReference; lastKnownFileType = sourcecode.swift; path = Double.swift; sourceTree = "<group>"; };
		AC06D87720FF4D3900770DBB /* NSImage.swift */ = {isa = PBXFileReference; lastKnownFileType = sourcecode.swift; path = NSImage.swift; sourceTree = "<group>"; };
		AC06D87920FF4D7200770DBB /* Thread.swift */ = {isa = PBXFileReference; lastKnownFileType = sourcecode.swift; path = Thread.swift; sourceTree = "<group>"; };
		AC06D87B20FF4D8B00770DBB /* Array.swift */ = {isa = PBXFileReference; lastKnownFileType = sourcecode.swift; path = Array.swift; sourceTree = "<group>"; };
		AC06D87D20FF4DA100770DBB /* CGRect.swift */ = {isa = PBXFileReference; lastKnownFileType = sourcecode.swift; path = CGRect.swift; sourceTree = "<group>"; };
		AC06D87F20FF4DB900770DBB /* NSBitmapImageRep.swift */ = {isa = PBXFileReference; lastKnownFileType = sourcecode.swift; path = NSBitmapImageRep.swift; sourceTree = "<group>"; };
		AC06D88120FF4DCD00770DBB /* NSColor.swift */ = {isa = PBXFileReference; lastKnownFileType = sourcecode.swift; path = NSColor.swift; sourceTree = "<group>"; };
		AC06D88320FF4DE300770DBB /* CGPoint.swift */ = {isa = PBXFileReference; lastKnownFileType = sourcecode.swift; path = CGPoint.swift; sourceTree = "<group>"; };
		AC06D88620FF4ED100770DBB /* Timer.swift */ = {isa = PBXFileReference; lastKnownFileType = sourcecode.swift; path = Timer.swift; sourceTree = "<group>"; };
		AC06D88A20FF4F0C00770DBB /* Tree.swift */ = {isa = PBXFileReference; lastKnownFileType = sourcecode.swift; path = Tree.swift; sourceTree = "<group>"; };
		AC06D88C20FF4F7400770DBB /* VNRectangleObservation.swift */ = {isa = PBXFileReference; lastKnownFileType = sourcecode.swift; path = VNRectangleObservation.swift; sourceTree = "<group>"; };
		AC06D89020FF500200770DBB /* ScreenShot.swift */ = {isa = PBXFileReference; lastKnownFileType = sourcecode.swift; path = ScreenShot.swift; sourceTree = "<group>"; };
		AC06D89220FF504800770DBB /* Panel.swift */ = {isa = PBXFileReference; fileEncoding = 4; lastKnownFileType = sourcecode.swift; path = Panel.swift; sourceTree = "<group>"; };
		AC06D89320FF504900770DBB /* Panel.xib */ = {isa = PBXFileReference; fileEncoding = 4; lastKnownFileType = file.xib; path = Panel.xib; sourceTree = "<group>"; };
		AC06D89620FF514700770DBB /* PanelController.swift */ = {isa = PBXFileReference; lastKnownFileType = sourcecode.swift; path = PanelController.swift; sourceTree = "<group>"; };
		AC06D89920FF51CF00770DBB /* TextDetection.swift */ = {isa = PBXFileReference; lastKnownFileType = sourcecode.swift; path = TextDetection.swift; sourceTree = "<group>"; };
		AC06D89D20FF538300770DBB /* LetterRecognizer.swift */ = {isa = PBXFileReference; lastKnownFileType = sourcecode.swift; path = LetterRecognizer.swift; sourceTree = "<group>"; };
		AC06D8A6210207FF00770DBB /* WordType.swift */ = {isa = PBXFileReference; lastKnownFileType = sourcecode.swift; path = WordType.swift; sourceTree = "<group>"; };
		AC06D8AB21020A9D00770DBB /* WordTypeIdentifier.swift */ = {isa = PBXFileReference; lastKnownFileType = sourcecode.swift; path = WordTypeIdentifier.swift; sourceTree = "<group>"; };
		AC06D8AD21020B9800770DBB /* TypeConverter.swift */ = {isa = PBXFileReference; lastKnownFileType = sourcecode.swift; path = TypeConverter.swift; sourceTree = "<group>"; };
		AC06D8AF21020D3000770DBB /* WordFactor.swift */ = {isa = PBXFileReference; lastKnownFileType = sourcecode.swift; path = WordFactor.swift; sourceTree = "<group>"; };
		AC15F81B214CE102001DC55E /* SortedArray.swift */ = {isa = PBXFileReference; lastKnownFileType = sourcecode.swift; path = SortedArray.swift; sourceTree = "<group>"; };
		AC15F81E214D0ADD001DC55E /* BlockSplitter.swift */ = {isa = PBXFileReference; lastKnownFileType = sourcecode.swift; path = BlockSplitter.swift; sourceTree = "<group>"; };
		AC199EAB211A9A5F00B53656 /* letter_type_classification.json */ = {isa = PBXFileReference; lastKnownFileType = text.json; path = letter_type_classification.json; sourceTree = "<group>"; };
		AC2405582114B19200017B6F /* TreeLetterType.swift */ = {isa = PBXFileReference; lastKnownFileType = sourcecode.swift; path = TreeLetterType.swift; sourceTree = "<group>"; };
		AC250A5D214EBC4500E6D596 /* TextTranscriptor.swift */ = {isa = PBXFileReference; lastKnownFileType = sourcecode.swift; path = TextTranscriptor.swift; sourceTree = "<group>"; };
		AC250A60214EC02A00E6D596 /* TypographicalGrid.swift */ = {isa = PBXFileReference; lastKnownFileType = sourcecode.swift; path = TypographicalGrid.swift; sourceTree = "<group>"; };
		AC250A63214ECA9100E6D596 /* Typography.swift */ = {isa = PBXFileReference; lastKnownFileType = sourcecode.swift; path = Typography.swift; sourceTree = "<group>"; };
		AC250A66214EDF7D00E6D596 /* String.swift */ = {isa = PBXFileReference; lastKnownFileType = sourcecode.swift; path = String.swift; sourceTree = "<group>"; };
		AC250A69214EE59800E6D596 /* block_one_completed.json */ = {isa = PBXFileReference; lastKnownFileType = text.json; path = block_one_completed.json; sourceTree = "<group>"; };
		AC250A6B214EE92900E6D596 /* LeadingTests.swift */ = {isa = PBXFileReference; lastKnownFileType = sourcecode.swift; path = LeadingTests.swift; sourceTree = "<group>"; };
		AC250A6D214EF49400E6D596 /* TextTranscriptorTests.swift */ = {isa = PBXFileReference; lastKnownFileType = sourcecode.swift; path = TextTranscriptorTests.swift; sourceTree = "<group>"; };
		AC2B700F210CF6B7008743C9 /* LetterExistenceChecker.swift */ = {isa = PBXFileReference; lastKnownFileType = sourcecode.swift; path = LetterExistenceChecker.swift; sourceTree = "<group>"; };
		AC2EC56521161E120085F4DE /* LetterTypeClassificationTests.swift */ = {isa = PBXFileReference; lastKnownFileType = sourcecode.swift; path = LetterTypeClassificationTests.swift; sourceTree = "<group>"; };
		AC31C3C52114330000E09F91 /* Checker.swift */ = {isa = PBXFileReference; lastKnownFileType = sourcecode.swift; path = Checker.swift; sourceTree = "<group>"; };
		AC31C3CA2114570F00E09F91 /* TreeOCRData.swift */ = {isa = PBXFileReference; lastKnownFileType = sourcecode.swift; path = TreeOCRData.swift; sourceTree = "<group>"; };
		AC31C3CD2114573100E09F91 /* TreeOCR.swift */ = {isa = PBXFileReference; lastKnownFileType = sourcecode.swift; path = TreeOCR.swift; sourceTree = "<group>"; };
		AC365FC42110AF7B00764834 /* DigitColumnSplitter.swift */ = {isa = PBXFileReference; lastKnownFileType = sourcecode.swift; path = DigitColumnSplitter.swift; sourceTree = "<group>"; };
		AC42D3F1212D502E0086A728 /* WordSplitter.swift */ = {isa = PBXFileReference; lastKnownFileType = sourcecode.swift; path = WordSplitter.swift; sourceTree = "<group>"; };
		AC457DF22148198700D9E69F /* BlockTestHelper.swift */ = {isa = PBXFileReference; lastKnownFileType = sourcecode.swift; path = BlockTestHelper.swift; sourceTree = "<group>"; };
		AC4CA409210462510093D938 /* BlockCreator.swift */ = {isa = PBXFileReference; lastKnownFileType = sourcecode.swift; path = BlockCreator.swift; sourceTree = "<group>"; };
		AC50A874212F2D7700B196BE /* PixelConverter.swift */ = {isa = PBXFileReference; lastKnownFileType = sourcecode.swift; path = PixelConverter.swift; sourceTree = "<group>"; };
		AC50A8782133ECD900B196BE /* MissingElementsFinder.swift */ = {isa = PBXFileReference; lastKnownFileType = sourcecode.swift; path = MissingElementsFinder.swift; sourceTree = "<group>"; };
		AC50A87B2133F2F000B196BE /* LetterPixelFinder.swift */ = {isa = PBXFileReference; lastKnownFileType = sourcecode.swift; path = LetterPixelFinder.swift; sourceTree = "<group>"; };
		AC50A8812133FBDD00B196BE /* LetterPixelFinderTests.swift */ = {isa = PBXFileReference; lastKnownFileType = sourcecode.swift; path = LetterPixelFinderTests.swift; sourceTree = "<group>"; };
		AC50A8832134003000B196BE /* missing_dot.json */ = {isa = PBXFileReference; lastKnownFileType = text.json; path = missing_dot.json; sourceTree = "<group>"; };
		AC50A8872135461B00B196BE /* missing_dash.json */ = {isa = PBXFileReference; lastKnownFileType = text.json; path = missing_dash.json; sourceTree = "<group>"; };
		AC50A8892135492300B196BE /* missing_quotes.json */ = {isa = PBXFileReference; lastKnownFileType = text.json; path = missing_quotes.json; sourceTree = "<group>"; };
		AC50A88B21354D1C00B196BE /* missing_equal.json */ = {isa = PBXFileReference; lastKnownFileType = text.json; path = missing_equal.json; sourceTree = "<group>"; };
		AC50A88D2135BA8100B196BE /* missing_underscore.json */ = {isa = PBXFileReference; lastKnownFileType = text.json; path = missing_underscore.json; sourceTree = "<group>"; };
		AC675774212C578B0051C34A /* ClosedRange.swift */ = {isa = PBXFileReference; lastKnownFileType = sourcecode.swift; path = ClosedRange.swift; sourceTree = "<group>"; };
		AC675777212C57CF0051C34A /* GapsCreator.swift */ = {isa = PBXFileReference; lastKnownFileType = sourcecode.swift; path = GapsCreator.swift; sourceTree = "<group>"; };
		AC67577A212C5A470051C34A /* CustomColumnCreator.swift */ = {isa = PBXFileReference; lastKnownFileType = sourcecode.swift; path = CustomColumnCreator.swift; sourceTree = "<group>"; };
		AC6B2E47214BBAB3000ACEDC /* block_with_comments.json */ = {isa = PBXFileReference; lastKnownFileType = text.json; path = block_with_comments.json; sourceTree = "<group>"; };
		AC6B2E49214BF220000ACEDC /* column_detection_words.json */ = {isa = PBXFileReference; lastKnownFileType = text.json; path = column_detection_words.json; sourceTree = "<group>"; };
		AC6B2E4B214BF25B000ACEDC /* DigitColumnDetectionTests.swift */ = {isa = PBXFileReference; lastKnownFileType = sourcecode.swift; path = DigitColumnDetectionTests.swift; sourceTree = "<group>"; };
		AC6B2E4D214BF3B9000ACEDC /* Assets.xcassets */ = {isa = PBXFileReference; lastKnownFileType = folder.assetcatalog; path = Assets.xcassets; sourceTree = "<group>"; };
		AC71FB622112E79500EE41C6 /* Protocol.swift */ = {isa = PBXFileReference; lastKnownFileType = sourcecode.swift; path = Protocol.swift; sourceTree = "<group>"; };
		AC71FB662112EAC400EE41C6 /* LineCreator.swift */ = {isa = PBXFileReference; lastKnownFileType = sourcecode.swift; path = LineCreator.swift; sourceTree = "<group>"; };
		AC71FB692112EBCE00EE41C6 /* Letter.swift */ = {isa = PBXFileReference; lastKnownFileType = sourcecode.swift; path = Letter.swift; sourceTree = "<group>"; };
		AC71FB6C2112EC3500EE41C6 /* Word.swift */ = {isa = PBXFileReference; lastKnownFileType = sourcecode.swift; path = Word.swift; sourceTree = "<group>"; };
		AC71FB6F2112EE8B00EE41C6 /* GlobalMethods.swift */ = {isa = PBXFileReference; lastKnownFileType = sourcecode.swift; path = GlobalMethods.swift; sourceTree = "<group>"; };
		AC71FB752112F17E00EE41C6 /* Line.swift */ = {isa = PBXFileReference; lastKnownFileType = sourcecode.swift; path = Line.swift; sourceTree = "<group>"; };
		AC71FB782112F1BB00EE41C6 /* Block.swift */ = {isa = PBXFileReference; lastKnownFileType = sourcecode.swift; path = Block.swift; sourceTree = "<group>"; };
		AC71FB7B2112F1F300EE41C6 /* Column.swift */ = {isa = PBXFileReference; lastKnownFileType = sourcecode.swift; path = Column.swift; sourceTree = "<group>"; };
		AC785A62214D80D2002C918D /* TextViewCreator.swift */ = {isa = PBXFileReference; lastKnownFileType = sourcecode.swift; path = TextViewCreator.swift; sourceTree = "<group>"; };
		AC8C0A9921491AA500F0FD13 /* EqualityChecker.swift */ = {isa = PBXFileReference; lastKnownFileType = sourcecode.swift; path = EqualityChecker.swift; sourceTree = "<group>"; };
		AC8C0A9D214A4DEA00F0FD13 /* Leading.swift */ = {isa = PBXFileReference; lastKnownFileType = sourcecode.swift; path = Leading.swift; sourceTree = "<group>"; };
		AC8C0AA0214A4E0200F0FD13 /* LeadingDistanceFinder.swift */ = {isa = PBXFileReference; lastKnownFileType = sourcecode.swift; path = LeadingDistanceFinder.swift; sourceTree = "<group>"; };
		AC8C0AA3214A4ECB00F0FD13 /* LeadingStartPointFinder.swift */ = {isa = PBXFileReference; lastKnownFileType = sourcecode.swift; path = LeadingStartPointFinder.swift; sourceTree = "<group>"; };
		AC8C0AA6214A568D00F0FD13 /* Slicer.swift */ = {isa = PBXFileReference; lastKnownFileType = sourcecode.swift; path = Slicer.swift; sourceTree = "<group>"; };
		AC8C0AA9214A605600F0FD13 /* LeadingChecker.swift */ = {isa = PBXFileReference; lastKnownFileType = sourcecode.swift; path = LeadingChecker.swift; sourceTree = "<group>"; };
		AC8C0AAC214A67CC00F0FD13 /* LeadingFinder.swift */ = {isa = PBXFileReference; lastKnownFileType = sourcecode.swift; path = LeadingFinder.swift; sourceTree = "<group>"; };
		AC8C0AAF214AB01400F0FD13 /* block_one_code.json */ = {isa = PBXFileReference; lastKnownFileType = text.json; path = block_one_code.json; sourceTree = "<group>"; };
		AC8C0AB3214AB14500F0FD13 /* LeadingDistanceFinderTests.swift */ = {isa = PBXFileReference; lastKnownFileType = sourcecode.swift; path = LeadingDistanceFinderTests.swift; sourceTree = "<group>"; };
		AC8C0AB5214AE76500F0FD13 /* LeadingFinderTests.swift */ = {isa = PBXFileReference; lastKnownFileType = sourcecode.swift; path = LeadingFinderTests.swift; sourceTree = "<group>"; };
		AC8E89632126C89800B97163 /* TreeOCRUpperData.swift */ = {isa = PBXFileReference; lastKnownFileType = sourcecode.swift; path = TreeOCRUpperData.swift; sourceTree = "<group>"; };
		AC8E89662126F08800B97163 /* TreeOCRLowData.swift */ = {isa = PBXFileReference; lastKnownFileType = sourcecode.swift; path = TreeOCRLowData.swift; sourceTree = "<group>"; };
		AC8EB592213EBF72003D345B /* Collection.swift */ = {isa = PBXFileReference; lastKnownFileType = sourcecode.swift; path = Collection.swift; sourceTree = "<group>"; };
		AC95B4A421410B2F0007B5C5 /* TrackingInfoFinder.swift */ = {isa = PBXFileReference; lastKnownFileType = sourcecode.swift; path = TrackingInfoFinder.swift; sourceTree = "<group>"; };
		AC95B4A821410FC50007B5C5 /* TrackingDistanceFinder.swift */ = {isa = PBXFileReference; lastKnownFileType = sourcecode.swift; path = TrackingDistanceFinder.swift; sourceTree = "<group>"; };
		AC95B4AB2141286A0007B5C5 /* TrackingStartPointFinder.swift */ = {isa = PBXFileReference; lastKnownFileType = sourcecode.swift; path = TrackingStartPointFinder.swift; sourceTree = "<group>"; };
		AC95B4AE21412B1F0007B5C5 /* TrackingChecker.swift */ = {isa = PBXFileReference; lastKnownFileType = sourcecode.swift; path = TrackingChecker.swift; sourceTree = "<group>"; };
		AC95B4B1214130C60007B5C5 /* Tracking.swift */ = {isa = PBXFileReference; lastKnownFileType = sourcecode.swift; path = Tracking.swift; sourceTree = "<group>"; };
		AC95B4B8214139FB0007B5C5 /* TrackingDistanceFinderTests.swift */ = {isa = PBXFileReference; lastKnownFileType = sourcecode.swift; path = TrackingDistanceFinderTests.swift; sourceTree = "<group>"; };
		AC95B4C2214142760007B5C5 /* TrackingInfoFinderTests.swift */ = {isa = PBXFileReference; lastKnownFileType = sourcecode.swift; path = TrackingInfoFinderTests.swift; sourceTree = "<group>"; };
		AC95B4C5214152120007B5C5 /* ClosedRangeTests.swift */ = {isa = PBXFileReference; lastKnownFileType = sourcecode.swift; path = ClosedRangeTests.swift; sourceTree = "<group>"; };
		AC95B4C9214261010007B5C5 /* TrackingPreliminaryLetterWidthDetection.swift */ = {isa = PBXFileReference; lastKnownFileType = sourcecode.swift; path = TrackingPreliminaryLetterWidthDetection.swift; sourceTree = "<group>"; };
		AC9EF09721232861004ED89D /* OCRPicture.swift */ = {isa = PBXFileReference; lastKnownFileType = sourcecode.swift; path = OCRPicture.swift; sourceTree = "<group>"; };
		AC9EF099212328B8004ED89D /* ocr_xcode_light_18.json */ = {isa = PBXFileReference; lastKnownFileType = text.json; path = ocr_xcode_light_18.json; sourceTree = "<group>"; };
		AC9EF09B212328F2004ED89D /* ocr_xcode_light_14.json */ = {isa = PBXFileReference; lastKnownFileType = text.json; path = ocr_xcode_light_14.json; sourceTree = "<group>"; };
		AC9EF09D21232A12004ED89D /* ocr_xcode_light_12.json */ = {isa = PBXFileReference; lastKnownFileType = text.json; path = ocr_xcode_light_12.json; sourceTree = "<group>"; };
		AC9EF09F21232A8E004ED89D /* ocr_xcode_dark_12.json */ = {isa = PBXFileReference; lastKnownFileType = text.json; path = ocr_xcode_dark_12.json; sourceTree = "<group>"; };
		AC9EF0A121232C00004ED89D /* ocr_xcode_dark_14.json */ = {isa = PBXFileReference; lastKnownFileType = text.json; path = ocr_xcode_dark_14.json; sourceTree = "<group>"; };
		AC9EF0A321232D11004ED89D /* ocr_xcode_dark_18.json */ = {isa = PBXFileReference; lastKnownFileType = text.json; path = ocr_xcode_dark_18.json; sourceTree = "<group>"; };
		AC9EF0A521232D78004ED89D /* ocr_sublime_dark_20.json */ = {isa = PBXFileReference; lastKnownFileType = text.json; path = ocr_sublime_dark_20.json; sourceTree = "<group>"; };
		AC9EF0A721232E24004ED89D /* ocr_sublime_dark_18.json */ = {isa = PBXFileReference; lastKnownFileType = text.json; path = ocr_sublime_dark_18.json; sourceTree = "<group>"; };
		AC9EF0A921232EC7004ED89D /* ocr_sublime_dark_14.json */ = {isa = PBXFileReference; lastKnownFileType = text.json; path = ocr_sublime_dark_14.json; sourceTree = "<group>"; };
		AC9EF0AB21232FE4004ED89D /* ocr_visual_20.json */ = {isa = PBXFileReference; lastKnownFileType = text.json; path = ocr_visual_20.json; sourceTree = "<group>"; };
		AC9EF0AD21233090004ED89D /* ocr_visual_18.json */ = {isa = PBXFileReference; lastKnownFileType = text.json; path = ocr_visual_18.json; sourceTree = "<group>"; };
		AC9EF0AF21233191004ED89D /* ocr_visual_14.json */ = {isa = PBXFileReference; lastKnownFileType = text.json; path = ocr_visual_14.json; sourceTree = "<group>"; };
		AC9EF0B12123324A004ED89D /* ocr_visual_12.json */ = {isa = PBXFileReference; lastKnownFileType = text.json; path = ocr_visual_12.json; sourceTree = "<group>"; };
		ACAF236D2136C798009D8409 /* FrameRate.swift */ = {isa = PBXFileReference; lastKnownFileType = sourcecode.swift; path = FrameRate.swift; sourceTree = "<group>"; };
		ACAF237021381C95009D8409 /* Gap.swift */ = {isa = PBXFileReference; lastKnownFileType = sourcecode.swift; path = Gap.swift; sourceTree = "<group>"; };
		ACAF237621393B44009D8409 /* ArrayTests.swift */ = {isa = PBXFileReference; lastKnownFileType = sourcecode.swift; path = ArrayTests.swift; sourceTree = "<group>"; };
		ACAF237821398BD3009D8409 /* CGRectEdge.swift */ = {isa = PBXFileReference; lastKnownFileType = sourcecode.swift; path = CGRectEdge.swift; sourceTree = "<group>"; };
		ACDA4A7A2114A58E00E3EC18 /* TreeLetterTypeData.swift */ = {isa = PBXFileReference; lastKnownFileType = sourcecode.swift; path = TreeLetterTypeData.swift; sourceTree = "<group>"; };
		ACDBF271210F17EC00678812 /* BlockCreatorTests.swift */ = {isa = PBXFileReference; lastKnownFileType = sourcecode.swift; path = BlockCreatorTests.swift; sourceTree = "<group>"; };
		ACF1AC502108BE0B00897732 /* Dictionary.swift */ = {isa = PBXFileReference; lastKnownFileType = sourcecode.swift; path = Dictionary.swift; sourceTree = "<group>"; };
		ACF1AC532108F86C00897732 /* TextRecognizerManager.swift */ = {isa = PBXFileReference; lastKnownFileType = sourcecode.swift; path = TextRecognizerManager.swift; sourceTree = "<group>"; };
		ACF1AC57210B140200897732 /* WordRecognizer.swift */ = {isa = PBXFileReference; lastKnownFileType = sourcecode.swift; path = WordRecognizer.swift; sourceTree = "<group>"; };
		ACF1AC5C210B180700897732 /* RectangleConverter.swift */ = {isa = PBXFileReference; lastKnownFileType = sourcecode.swift; path = RectangleConverter.swift; sourceTree = "<group>"; };
		ACF1AC5F210B2D1100897732 /* DigitColumnDetection.swift */ = {isa = PBXFileReference; lastKnownFileType = sourcecode.swift; path = DigitColumnDetection.swift; sourceTree = "<group>"; };
		ACF1AC62210B30A400897732 /* DigitColumnMerger.swift */ = {isa = PBXFileReference; lastKnownFileType = sourcecode.swift; path = DigitColumnMerger.swift; sourceTree = "<group>"; };
		ACF1AC69210C9F4800897732 /* ColorPicker.swift */ = {isa = PBXFileReference; lastKnownFileType = sourcecode.swift; path = ColorPicker.swift; sourceTree = "<group>"; };
		ACF2569921202C0500B2F084 /* LetterOCRTests.swift */ = {isa = PBXFileReference; lastKnownFileType = sourcecode.swift; path = LetterOCRTests.swift; sourceTree = "<group>"; };
		ACF2569B2120894800B2F084 /* letter_type_classification_black.json */ = {isa = PBXFileReference; lastKnownFileType = text.json; path = letter_type_classification_black.json; sourceTree = "<group>"; };
		ACFC811E212DD61900700C25 /* LetterPixelChecker.swift */ = {isa = PBXFileReference; lastKnownFileType = sourcecode.swift; path = LetterPixelChecker.swift; sourceTree = "<group>"; };
		ACFC8121212DD86C00700C25 /* LetterTypeIdentifier.swift */ = {isa = PBXFileReference; lastKnownFileType = sourcecode.swift; path = LetterTypeIdentifier.swift; sourceTree = "<group>"; };
		ACFC8124212E959600700C25 /* MissingElementsRestorer.swift */ = {isa = PBXFileReference; lastKnownFileType = sourcecode.swift; path = MissingElementsRestorer.swift; sourceTree = "<group>"; };
/* End PBXFileReference section */

/* Begin PBXFrameworksBuildPhase section */
		AC06D84020FF30D000770DBB /* Frameworks */ = {
			isa = PBXFrameworksBuildPhase;
			buildActionMask = 2147483647;
			files = (
			);
			runOnlyForDeploymentPostprocessing = 0;
		};
		AC06D85220FF30D100770DBB /* Frameworks */ = {
			isa = PBXFrameworksBuildPhase;
			buildActionMask = 2147483647;
			files = (
			);
			runOnlyForDeploymentPostprocessing = 0;
		};
		AC06D85D20FF30D100770DBB /* Frameworks */ = {
			isa = PBXFrameworksBuildPhase;
			buildActionMask = 2147483647;
			files = (
			);
			runOnlyForDeploymentPostprocessing = 0;
		};
/* End PBXFrameworksBuildPhase section */

/* Begin PBXGroup section */
		AC06D83A20FF30D000770DBB = {
			isa = PBXGroup;
			children = (
				AC06D84520FF30D000770DBB /* CopyCode */,
				AC06D85820FF30D100770DBB /* CopyCodeTests */,
				AC06D86320FF30D100770DBB /* CopyCodeUITests */,
				AC06D84420FF30D000770DBB /* Products */,
			);
			sourceTree = "<group>";
		};
		AC06D84420FF30D000770DBB /* Products */ = {
			isa = PBXGroup;
			children = (
				AC06D84320FF30D000770DBB /* CopyCode.app */,
				AC06D85520FF30D100770DBB /* CopyCodeTests.xctest */,
				AC06D86020FF30D100770DBB /* CopyCodeUITests.xctest */,
			);
			name = Products;
			sourceTree = "<group>";
		};
		AC06D84520FF30D000770DBB /* CopyCode */ = {
			isa = PBXGroup;
			children = (
				AC50A8772133ECBA00B196BE /* MissingElements */,
				AC31C3C82114565600E09F91 /* Tree */,
				AC71FB652112EA5200EE41C6 /* Creator */,
				ACF1AC68210C9F2300897732 /* Color */,
				ACF1AC5B210B17D200897732 /* Converter */,
				ACF1AC5A210B174600897732 /* Recognizer */,
				ACF1AC562108FA0D00897732 /* DataStructure */,
				AC06D8A821020A6200770DBB /* Identifier */,
				AC06D8A52102078C00770DBB /* UI */,
				AC06D88520FF4EBE00770DBB /* Tools */,
				AC06D87320FF4C3C00770DBB /* Extensions */,
				AC06D87220FF30ED00770DBB /* Supporting Files */,
				AC06D89020FF500200770DBB /* ScreenShot.swift */,
				AC06D89920FF51CF00770DBB /* TextDetection.swift */,
				AC06D8AF21020D3000770DBB /* WordFactor.swift */,
				AC31C3C52114330000E09F91 /* Checker.swift */,
			);
			path = CopyCode;
			sourceTree = "<group>";
		};
		AC06D85820FF30D100770DBB /* CopyCodeTests */ = {
			isa = PBXGroup;
			children = (
				AC95B4C4214151F30007B5C5 /* ExtensionsTests */,
				AC6344F0211AA86A00538673 /* Tools */,
				AC199EAA211A98AA00B53656 /* Resources */,
				AC06D85B20FF30D100770DBB /* Info.plist */,
				ACDBF271210F17EC00678812 /* BlockCreatorTests.swift */,
				AC2EC56521161E120085F4DE /* LetterTypeClassificationTests.swift */,
				AC6B2E4B214BF25B000ACEDC /* DigitColumnDetectionTests.swift */,
				ACF2569921202C0500B2F084 /* LetterOCRTests.swift */,
				AC50A8812133FBDD00B196BE /* LetterPixelFinderTests.swift */,
				AC8C0AB2214AB06E00F0FD13 /* LeadingFinderTests */,
				AC95B4B7214139E10007B5C5 /* TrackingFinderTests */,
				AC250A6B214EE92900E6D596 /* LeadingTests.swift */,
				AC250A6D214EF49400E6D596 /* TextTranscriptorTests.swift */,
			);
			path = CopyCodeTests;
			sourceTree = "<group>";
		};
		AC06D86320FF30D100770DBB /* CopyCodeUITests */ = {
			isa = PBXGroup;
			children = (
				AC06D86420FF30D100770DBB /* CopyCodeUITests.swift */,
				AC06D86620FF30D100770DBB /* Info.plist */,
			);
			path = CopyCodeUITests;
			sourceTree = "<group>";
		};
		AC06D87220FF30ED00770DBB /* Supporting Files */ = {
			isa = PBXGroup;
			children = (
				AC6B2E4D214BF3B9000ACEDC /* Assets.xcassets */,
				AC06D84620FF30D000770DBB /* AppDelegate.swift */,
				AC06D84F20FF30D100770DBB /* Info.plist */,
				AC06D85020FF30D100770DBB /* CopyCode.entitlements */,
			);
			path = "Supporting Files";
			sourceTree = "<group>";
		};
		AC06D87320FF4C3C00770DBB /* Extensions */ = {
			isa = PBXGroup;
			children = (
				AC06D87520FF4D1E00770DBB /* Double.swift */,
				AC06D87720FF4D3900770DBB /* NSImage.swift */,
				AC06D87920FF4D7200770DBB /* Thread.swift */,
				AC06D87B20FF4D8B00770DBB /* Array.swift */,
				AC06D87D20FF4DA100770DBB /* CGRect.swift */,
				AC06D87F20FF4DB900770DBB /* NSBitmapImageRep.swift */,
				AC06D88120FF4DCD00770DBB /* NSColor.swift */,
				AC06D88320FF4DE300770DBB /* CGPoint.swift */,
				AC06D88C20FF4F7400770DBB /* VNRectangleObservation.swift */,
				ACF1AC502108BE0B00897732 /* Dictionary.swift */,
				AC675774212C578B0051C34A /* ClosedRange.swift */,
				ACAF237821398BD3009D8409 /* CGRectEdge.swift */,
				AC8EB592213EBF72003D345B /* Collection.swift */,
				AC250A66214EDF7D00E6D596 /* String.swift */,
			);
			path = Extensions;
			sourceTree = "<group>";
		};
		AC06D88520FF4EBE00770DBB /* Tools */ = {
			isa = PBXGroup;
			children = (
				AC71FB6F2112EE8B00EE41C6 /* GlobalMethods.swift */,
				AC06D88620FF4ED100770DBB /* Timer.swift */,
				AC03DCFF213DC2F200730DCD /* CodableHelper.swift */,
				AC8C0A9921491AA500F0FD13 /* EqualityChecker.swift */,
				AC8C0AA6214A568D00F0FD13 /* Slicer.swift */,
				AC15F81B214CE102001DC55E /* SortedArray.swift */,
			);
			path = Tools;
			sourceTree = "<group>";
		};
		AC06D8A52102078C00770DBB /* UI */ = {
			isa = PBXGroup;
			children = (
				AC06D89620FF514700770DBB /* PanelController.swift */,
				AC06D84C20FF30D100770DBB /* Main.storyboard */,
				AC06D89220FF504800770DBB /* Panel.swift */,
				AC06D89320FF504900770DBB /* Panel.xib */,
				AC785A62214D80D2002C918D /* TextViewCreator.swift */,
				AC250A5D214EBC4500E6D596 /* TextTranscriptor.swift */,
			);
			path = UI;
			sourceTree = "<group>";
		};
		AC06D8A821020A6200770DBB /* Identifier */ = {
			isa = PBXGroup;
			children = (
				AC06D8AB21020A9D00770DBB /* WordTypeIdentifier.swift */,
				ACFC8121212DD86C00700C25 /* LetterTypeIdentifier.swift */,
			);
			path = Identifier;
			sourceTree = "<group>";
		};
		AC15F821214D1D21001DC55E /* BlockCreator */ = {
			isa = PBXGroup;
			children = (
				AC4CA409210462510093D938 /* BlockCreator.swift */,
				AC15F81E214D0ADD001DC55E /* BlockSplitter.swift */,
			);
			path = BlockCreator;
			sourceTree = "<group>";
		};
		AC199EAA211A98AA00B53656 /* Resources */ = {
			isa = PBXGroup;
			children = (
				AC199EAB211A9A5F00B53656 /* letter_type_classification.json */,
				ACF2569B2120894800B2F084 /* letter_type_classification_black.json */,
				AC9EF09F21232A8E004ED89D /* ocr_xcode_dark_12.json */,
				AC9EF0A121232C00004ED89D /* ocr_xcode_dark_14.json */,
				AC9EF0A321232D11004ED89D /* ocr_xcode_dark_18.json */,
				AC9EF09D21232A12004ED89D /* ocr_xcode_light_12.json */,
				AC9EF09B212328F2004ED89D /* ocr_xcode_light_14.json */,
				AC9EF099212328B8004ED89D /* ocr_xcode_light_18.json */,
				AC9EF0A921232EC7004ED89D /* ocr_sublime_dark_14.json */,
				AC9EF0A721232E24004ED89D /* ocr_sublime_dark_18.json */,
				AC9EF0A521232D78004ED89D /* ocr_sublime_dark_20.json */,
				AC9EF0B12123324A004ED89D /* ocr_visual_12.json */,
				AC9EF0AF21233191004ED89D /* ocr_visual_14.json */,
				AC9EF0AD21233090004ED89D /* ocr_visual_18.json */,
				AC9EF0AB21232FE4004ED89D /* ocr_visual_20.json */,
				AC50A8892135492300B196BE /* missing_quotes.json */,
				AC50A8832134003000B196BE /* missing_dot.json */,
				AC50A88B21354D1C00B196BE /* missing_equal.json */,
				AC50A88D2135BA8100B196BE /* missing_underscore.json */,
				AC50A8872135461B00B196BE /* missing_dash.json */,
				AC03DCE1213D600800730DCD /* block_one.json */,
				AC03DCF8213D61AF00730DCD /* block_two.json */,
				AC8C0AAF214AB01400F0FD13 /* block_one_code.json */,
				AC6B2E47214BBAB3000ACEDC /* block_with_comments.json */,
				AC6B2E49214BF220000ACEDC /* column_detection_words.json */,
				AC250A69214EE59800E6D596 /* block_one_completed.json */,
			);
			path = Resources;
			sourceTree = "<group>";
		};
		AC1A19A5213A8C7600D89025 /* Columns */ = {
			isa = PBXGroup;
			children = (
				ACC82E7D2110AF1C002B299E /* DigitalColumnCreator */,
				AC67577A212C5A470051C34A /* CustomColumnCreator.swift */,
			);
			path = Columns;
			sourceTree = "<group>";
		};
		AC31C3C82114565600E09F91 /* Tree */ = {
			isa = PBXGroup;
			children = (
				AC8E89622126C87200B97163 /* OCR Tree */,
				AC06D88A20FF4F0C00770DBB /* Tree.swift */,
				ACDA4A7A2114A58E00E3EC18 /* TreeLetterTypeData.swift */,
				AC2405582114B19200017B6F /* TreeLetterType.swift */,
			);
			path = Tree;
			sourceTree = "<group>";
		};
		AC50A8772133ECBA00B196BE /* MissingElements */ = {
			isa = PBXGroup;
			children = (
				ACFC8124212E959600700C25 /* MissingElementsRestorer.swift */,
				AC50A8782133ECD900B196BE /* MissingElementsFinder.swift */,
				AC50A87B2133F2F000B196BE /* LetterPixelFinder.swift */,
				ACAF236D2136C798009D8409 /* FrameRate.swift */,
			);
			path = MissingElements;
			sourceTree = "<group>";
		};
		AC6344F0211AA86A00538673 /* Tools */ = {
			isa = PBXGroup;
			children = (
				AC9EF09721232861004ED89D /* OCRPicture.swift */,
				AC457DF22148198700D9E69F /* BlockTestHelper.swift */,
			);
			path = Tools;
			sourceTree = "<group>";
		};
		AC71FB652112EA5200EE41C6 /* Creator */ = {
			isa = PBXGroup;
			children = (
				AC15F821214D1D21001DC55E /* BlockCreator */,
				AC8C0A9C214A4DB500F0FD13 /* LeadingFinder */,
				AC95B4A721410F9D0007B5C5 /* TrackingInfoFinder */,
				AC1A19A5213A8C7600D89025 /* Columns */,
				AC71FB662112EAC400EE41C6 /* LineCreator.swift */,
				AC675777212C57CF0051C34A /* GapsCreator.swift */,
			);
			path = Creator;
			sourceTree = "<group>";
		};
		AC8C0A9C214A4DB500F0FD13 /* LeadingFinder */ = {
			isa = PBXGroup;
			children = (
				AC8C0AA0214A4E0200F0FD13 /* LeadingDistanceFinder.swift */,
				AC8C0AA3214A4ECB00F0FD13 /* LeadingStartPointFinder.swift */,
				AC8C0AA9214A605600F0FD13 /* LeadingChecker.swift */,
				AC8C0AAC214A67CC00F0FD13 /* LeadingFinder.swift */,
			);
			path = LeadingFinder;
			sourceTree = "<group>";
		};
		AC8C0AB2214AB06E00F0FD13 /* LeadingFinderTests */ = {
			isa = PBXGroup;
			children = (
				AC8C0AB3214AB14500F0FD13 /* LeadingDistanceFinderTests.swift */,
				AC8C0AB5214AE76500F0FD13 /* LeadingFinderTests.swift */,
			);
			path = LeadingFinderTests;
			sourceTree = "<group>";
		};
		AC8E89622126C87200B97163 /* OCR Tree */ = {
			isa = PBXGroup;
			children = (
				AC31C3CA2114570F00E09F91 /* TreeOCRData.swift */,
				AC31C3CD2114573100E09F91 /* TreeOCR.swift */,
				AC8E89632126C89800B97163 /* TreeOCRUpperData.swift */,
				AC8E89662126F08800B97163 /* TreeOCRLowData.swift */,
			);
			path = "OCR Tree";
			sourceTree = "<group>";
		};
		AC95B4A721410F9D0007B5C5 /* TrackingInfoFinder */ = {
			isa = PBXGroup;
			children = (
				AC95B4A421410B2F0007B5C5 /* TrackingInfoFinder.swift */,
				AC95B4A821410FC50007B5C5 /* TrackingDistanceFinder.swift */,
				AC95B4AB2141286A0007B5C5 /* TrackingStartPointFinder.swift */,
				AC95B4AE21412B1F0007B5C5 /* TrackingChecker.swift */,
				AC95B4C9214261010007B5C5 /* TrackingPreliminaryLetterWidthDetection.swift */,
			);
			path = TrackingInfoFinder;
			sourceTree = "<group>";
		};
		AC95B4B7214139E10007B5C5 /* TrackingFinderTests */ = {
			isa = PBXGroup;
			children = (
				AC95B4C2214142760007B5C5 /* TrackingInfoFinderTests.swift */,
				AC95B4B8214139FB0007B5C5 /* TrackingDistanceFinderTests.swift */,
			);
			path = TrackingFinderTests;
			sourceTree = "<group>";
		};
		AC95B4C4214151F30007B5C5 /* ExtensionsTests */ = {
			isa = PBXGroup;
			children = (
				ACAF237621393B44009D8409 /* ArrayTests.swift */,
				AC95B4C5214152120007B5C5 /* ClosedRangeTests.swift */,
			);
			path = ExtensionsTests;
			sourceTree = "<group>";
		};
		ACC82E7D2110AF1C002B299E /* DigitalColumnCreator */ = {
			isa = PBXGroup;
			children = (
				ACF1AC62210B30A400897732 /* DigitColumnMerger.swift */,
				ACF1AC5F210B2D1100897732 /* DigitColumnDetection.swift */,
				AC365FC42110AF7B00764834 /* DigitColumnSplitter.swift */,
				AC42D3F1212D502E0086A728 /* WordSplitter.swift */,
			);
			path = DigitalColumnCreator;
			sourceTree = "<group>";
		};
		ACF1AC562108FA0D00897732 /* DataStructure */ = {
			isa = PBXGroup;
			children = (
				AC8C0A9D214A4DEA00F0FD13 /* Leading.swift */,
				AC95B4B1214130C60007B5C5 /* Tracking.swift */,
				AC71FB782112F1BB00EE41C6 /* Block.swift */,
				AC71FB752112F17E00EE41C6 /* Line.swift */,
				AC71FB7B2112F1F300EE41C6 /* Column.swift */,
				AC71FB6C2112EC3500EE41C6 /* Word.swift */,
				AC71FB692112EBCE00EE41C6 /* Letter.swift */,
				AC06D8A6210207FF00770DBB /* WordType.swift */,
				AC71FB622112E79500EE41C6 /* Protocol.swift */,
				ACAF237021381C95009D8409 /* Gap.swift */,
				AC03DCDE213D545D00730DCD /* ColumnType.swift */,
				AC250A60214EC02A00E6D596 /* TypographicalGrid.swift */,
				AC250A63214ECA9100E6D596 /* Typography.swift */,
			);
			path = DataStructure;
			sourceTree = "<group>";
		};
		ACF1AC5A210B174600897732 /* Recognizer */ = {
			isa = PBXGroup;
			children = (
				ACF1AC532108F86C00897732 /* TextRecognizerManager.swift */,
				ACF1AC57210B140200897732 /* WordRecognizer.swift */,
				AC06D89D20FF538300770DBB /* LetterRecognizer.swift */,
			);
			path = Recognizer;
			sourceTree = "<group>";
		};
		ACF1AC5B210B17D200897732 /* Converter */ = {
			isa = PBXGroup;
			children = (
				AC06D8AD21020B9800770DBB /* TypeConverter.swift */,
				ACF1AC5C210B180700897732 /* RectangleConverter.swift */,
				AC50A874212F2D7700B196BE /* PixelConverter.swift */,
			);
			path = Converter;
			sourceTree = "<group>";
		};
		ACF1AC68210C9F2300897732 /* Color */ = {
			isa = PBXGroup;
			children = (
				ACF1AC69210C9F4800897732 /* ColorPicker.swift */,
				AC2B700F210CF6B7008743C9 /* LetterExistenceChecker.swift */,
				ACFC811E212DD61900700C25 /* LetterPixelChecker.swift */,
			);
			path = Color;
			sourceTree = "<group>";
		};
/* End PBXGroup section */

/* Begin PBXNativeTarget section */
		AC06D84220FF30D000770DBB /* CopyCode */ = {
			isa = PBXNativeTarget;
			buildConfigurationList = AC06D86920FF30D100770DBB /* Build configuration list for PBXNativeTarget "CopyCode" */;
			buildPhases = (
				AC06D83F20FF30D000770DBB /* Sources */,
				AC06D84020FF30D000770DBB /* Frameworks */,
				AC06D84120FF30D000770DBB /* Resources */,
			);
			buildRules = (
			);
			dependencies = (
			);
			name = CopyCode;
			productName = CopyCode;
			productReference = AC06D84320FF30D000770DBB /* CopyCode.app */;
			productType = "com.apple.product-type.application";
		};
		AC06D85420FF30D100770DBB /* CopyCodeTests */ = {
			isa = PBXNativeTarget;
			buildConfigurationList = AC06D86C20FF30D100770DBB /* Build configuration list for PBXNativeTarget "CopyCodeTests" */;
			buildPhases = (
				AC06D85120FF30D100770DBB /* Sources */,
				AC06D85220FF30D100770DBB /* Frameworks */,
				AC06D85320FF30D100770DBB /* Resources */,
			);
			buildRules = (
			);
			dependencies = (
				AC06D85720FF30D100770DBB /* PBXTargetDependency */,
			);
			name = CopyCodeTests;
			productName = CopyCodeTests;
			productReference = AC06D85520FF30D100770DBB /* CopyCodeTests.xctest */;
			productType = "com.apple.product-type.bundle.unit-test";
		};
		AC06D85F20FF30D100770DBB /* CopyCodeUITests */ = {
			isa = PBXNativeTarget;
			buildConfigurationList = AC06D86F20FF30D100770DBB /* Build configuration list for PBXNativeTarget "CopyCodeUITests" */;
			buildPhases = (
				AC06D85C20FF30D100770DBB /* Sources */,
				AC06D85D20FF30D100770DBB /* Frameworks */,
				AC06D85E20FF30D100770DBB /* Resources */,
			);
			buildRules = (
			);
			dependencies = (
				AC06D86220FF30D100770DBB /* PBXTargetDependency */,
			);
			name = CopyCodeUITests;
			productName = CopyCodeUITests;
			productReference = AC06D86020FF30D100770DBB /* CopyCodeUITests.xctest */;
			productType = "com.apple.product-type.bundle.ui-testing";
		};
/* End PBXNativeTarget section */

/* Begin PBXProject section */
		AC06D83B20FF30D000770DBB /* Project object */ = {
			isa = PBXProject;
			attributes = {
				LastSwiftUpdateCheck = 1000;
				LastUpgradeCheck = 1000;
				ORGANIZATIONNAME = "Artem Martirosyan";
				TargetAttributes = {
					AC06D84220FF30D000770DBB = {
						CreatedOnToolsVersion = 10.0;
					};
					AC06D85420FF30D100770DBB = {
						CreatedOnToolsVersion = 10.0;
						TestTargetID = AC06D84220FF30D000770DBB;
					};
					AC06D85F20FF30D100770DBB = {
						CreatedOnToolsVersion = 10.0;
						TestTargetID = AC06D84220FF30D000770DBB;
					};
				};
			};
			buildConfigurationList = AC06D83E20FF30D000770DBB /* Build configuration list for PBXProject "CopyCode" */;
			compatibilityVersion = "Xcode 9.3";
			developmentRegion = en;
			hasScannedForEncodings = 0;
			knownRegions = (
				en,
				Base,
			);
			mainGroup = AC06D83A20FF30D000770DBB;
			productRefGroup = AC06D84420FF30D000770DBB /* Products */;
			projectDirPath = "";
			projectRoot = "";
			targets = (
				AC06D84220FF30D000770DBB /* CopyCode */,
				AC06D85420FF30D100770DBB /* CopyCodeTests */,
				AC06D85F20FF30D100770DBB /* CopyCodeUITests */,
			);
		};
/* End PBXProject section */

/* Begin PBXResourcesBuildPhase section */
		AC06D84120FF30D000770DBB /* Resources */ = {
			isa = PBXResourcesBuildPhase;
			buildActionMask = 2147483647;
			files = (
				AC06D89520FF504900770DBB /* Panel.xib in Resources */,
				AC6B2E4E214BF3B9000ACEDC /* Assets.xcassets in Resources */,
				AC06D84E20FF30D100770DBB /* Main.storyboard in Resources */,
			);
			runOnlyForDeploymentPostprocessing = 0;
		};
		AC06D85320FF30D100770DBB /* Resources */ = {
			isa = PBXResourcesBuildPhase;
			buildActionMask = 2147483647;
			files = (
				AC03DCE3213D600800730DCD /* block_one.json in Resources */,
				AC9EF09A212328B8004ED89D /* ocr_xcode_light_18.json in Resources */,
				AC03DCF9213D61AF00730DCD /* block_two.json in Resources */,
				AC9EF0A621232D78004ED89D /* ocr_sublime_dark_20.json in Resources */,
				AC250A6A214EE59800E6D596 /* block_one_completed.json in Resources */,
				AC8C0AB1214AB01400F0FD13 /* block_one_code.json in Resources */,
				AC50A88E2135BA8100B196BE /* missing_underscore.json in Resources */,
				AC9EF0AA21232EC7004ED89D /* ocr_sublime_dark_14.json in Resources */,
				AC6B2E4A214BF220000ACEDC /* column_detection_words.json in Resources */,
				ACF2569C2120894800B2F084 /* letter_type_classification_black.json in Resources */,
				AC9EF0AC21232FE4004ED89D /* ocr_visual_20.json in Resources */,
				AC50A88C21354D1C00B196BE /* missing_equal.json in Resources */,
				AC9EF0B021233191004ED89D /* ocr_visual_14.json in Resources */,
				AC9EF09E21232A12004ED89D /* ocr_xcode_light_12.json in Resources */,
				AC50A8882135461B00B196BE /* missing_dash.json in Resources */,
				AC9EF0B22123324A004ED89D /* ocr_visual_12.json in Resources */,
				AC9EF09C212328F2004ED89D /* ocr_xcode_light_14.json in Resources */,
				AC199EAC211A9A5F00B53656 /* letter_type_classification.json in Resources */,
				AC9EF0AE21233090004ED89D /* ocr_visual_18.json in Resources */,
				AC1C54D6211878570000460D /* Info.plist in Resources */,
				AC50A88A2135492300B196BE /* missing_quotes.json in Resources */,
				AC6B2E48214BBAB3000ACEDC /* block_with_comments.json in Resources */,
				AC9EF0A421232D11004ED89D /* ocr_xcode_dark_18.json in Resources */,
				AC9EF0A821232E24004ED89D /* ocr_sublime_dark_18.json in Resources */,
				AC9EF0A021232A8E004ED89D /* ocr_xcode_dark_12.json in Resources */,
				AC9EF0A221232C00004ED89D /* ocr_xcode_dark_14.json in Resources */,
				AC6B2E4F214BF3B9000ACEDC /* Assets.xcassets in Resources */,
				AC50A8842134003000B196BE /* missing_dot.json in Resources */,
			);
			runOnlyForDeploymentPostprocessing = 0;
		};
		AC06D85E20FF30D100770DBB /* Resources */ = {
			isa = PBXResourcesBuildPhase;
			buildActionMask = 2147483647;
			files = (
			);
			runOnlyForDeploymentPostprocessing = 0;
		};
/* End PBXResourcesBuildPhase section */

/* Begin PBXSourcesBuildPhase section */
		AC06D83F20FF30D000770DBB /* Sources */ = {
			isa = PBXSourcesBuildPhase;
			buildActionMask = 2147483647;
			files = (
				AC71FB632112E79500EE41C6 /* Protocol.swift in Sources */,
				AC67577B212C5A470051C34A /* CustomColumnCreator.swift in Sources */,
				AC250A67214EDF7D00E6D596 /* String.swift in Sources */,
				AC06D8AC21020A9D00770DBB /* WordTypeIdentifier.swift in Sources */,
				AC4CA40A210462510093D938 /* BlockCreator.swift in Sources */,
				ACF1AC5D210B180700897732 /* RectangleConverter.swift in Sources */,
				AC06D89120FF500200770DBB /* ScreenShot.swift in Sources */,
				AC71FB6A2112EBCE00EE41C6 /* Letter.swift in Sources */,
				AC675775212C578B0051C34A /* ClosedRange.swift in Sources */,
				AC06D89E20FF538300770DBB /* LetterRecognizer.swift in Sources */,
				AC15F81F214D0ADD001DC55E /* BlockSplitter.swift in Sources */,
				AC06D89720FF514700770DBB /* PanelController.swift in Sources */,
				ACAF237121381C95009D8409 /* Gap.swift in Sources */,
				AC06D89A20FF51CF00770DBB /* TextDetection.swift in Sources */,
				ACDA4A7B2114A58E00E3EC18 /* TreeLetterTypeData.swift in Sources */,
				AC8C0AA7214A568D00F0FD13 /* Slicer.swift in Sources */,
				AC31C3C62114330000E09F91 /* Checker.swift in Sources */,
				AC03DD00213DC2F200730DCD /* CodableHelper.swift in Sources */,
				AC8C0AAA214A605600F0FD13 /* LeadingChecker.swift in Sources */,
				AC71FB702112EE8B00EE41C6 /* GlobalMethods.swift in Sources */,
				AC95B4AF21412B1F0007B5C5 /* TrackingChecker.swift in Sources */,
				AC71FB792112F1BB00EE41C6 /* Block.swift in Sources */,
				AC8C0A9E214A4DEA00F0FD13 /* Leading.swift in Sources */,
				AC06D88220FF4DCD00770DBB /* NSColor.swift in Sources */,
				AC06D87620FF4D1E00770DBB /* Double.swift in Sources */,
				ACF1AC6A210C9F4800897732 /* ColorPicker.swift in Sources */,
				AC675778212C57CF0051C34A /* GapsCreator.swift in Sources */,
				AC06D88020FF4DB900770DBB /* NSBitmapImageRep.swift in Sources */,
				AC71FB6D2112EC3500EE41C6 /* Word.swift in Sources */,
				ACF1AC542108F86C00897732 /* TextRecognizerManager.swift in Sources */,
				AC06D8AE21020B9800770DBB /* TypeConverter.swift in Sources */,
				AC06D89420FF504900770DBB /* Panel.swift in Sources */,
				AC2405592114B19200017B6F /* TreeLetterType.swift in Sources */,
				AC06D88720FF4ED100770DBB /* Timer.swift in Sources */,
				AC06D88D20FF4F7400770DBB /* VNRectangleObservation.swift in Sources */,
				AC06D87E20FF4DA100770DBB /* CGRect.swift in Sources */,
				AC8C0AAD214A67CC00F0FD13 /* LeadingFinder.swift in Sources */,
				AC250A5E214EBC4500E6D596 /* TextTranscriptor.swift in Sources */,
				ACF1AC63210B30A400897732 /* DigitColumnMerger.swift in Sources */,
				AC365FC52110AF7B00764834 /* DigitColumnSplitter.swift in Sources */,
				ACFC8125212E959600700C25 /* MissingElementsRestorer.swift in Sources */,
				AC95B4A921410FC50007B5C5 /* TrackingDistanceFinder.swift in Sources */,
				AC06D88420FF4DE300770DBB /* CGPoint.swift in Sources */,
				AC06D87C20FF4D8B00770DBB /* Array.swift in Sources */,
				AC250A64214ECA9100E6D596 /* Typography.swift in Sources */,
				ACAF236E2136C798009D8409 /* FrameRate.swift in Sources */,
				AC31C3CB2114570F00E09F91 /* TreeOCRData.swift in Sources */,
				AC95B4B2214130C60007B5C5 /* Tracking.swift in Sources */,
				AC15F81C214CE102001DC55E /* SortedArray.swift in Sources */,
				ACFC811F212DD61900700C25 /* LetterPixelChecker.swift in Sources */,
				AC8C0AA4214A4ECB00F0FD13 /* LeadingStartPointFinder.swift in Sources */,
				ACF1AC60210B2D1100897732 /* DigitColumnDetection.swift in Sources */,
				AC50A87C2133F2F000B196BE /* LetterPixelFinder.swift in Sources */,
				AC06D8A7210207FF00770DBB /* WordType.swift in Sources */,
				AC8C0AA1214A4E0200F0FD13 /* LeadingDistanceFinder.swift in Sources */,
				AC06D87820FF4D3900770DBB /* NSImage.swift in Sources */,
				AC2B7010210CF6B7008743C9 /* LetterExistenceChecker.swift in Sources */,
				AC71FB762112F17E00EE41C6 /* Line.swift in Sources */,
				AC06D8B021020D3000770DBB /* WordFactor.swift in Sources */,
				AC95B4CA214261010007B5C5 /* TrackingPreliminaryLetterWidthDetection.swift in Sources */,
				AC31C3CE2114573100E09F91 /* TreeOCR.swift in Sources */,
				AC06D88B20FF4F0C00770DBB /* Tree.swift in Sources */,
				AC8E89642126C89800B97163 /* TreeOCRUpperData.swift in Sources */,
				AC95B4AC2141286A0007B5C5 /* TrackingStartPointFinder.swift in Sources */,
				AC03DCDF213D545D00730DCD /* ColumnType.swift in Sources */,
				AC71FB7C2112F1F300EE41C6 /* Column.swift in Sources */,
				AC95B4A521410B2F0007B5C5 /* TrackingInfoFinder.swift in Sources */,
				AC71FB672112EAC400EE41C6 /* LineCreator.swift in Sources */,
				AC06D84720FF30D000770DBB /* AppDelegate.swift in Sources */,
				AC785A63214D80D2002C918D /* TextViewCreator.swift in Sources */,
				AC50A8792133ECD900B196BE /* MissingElementsFinder.swift in Sources */,
				AC8EB593213EBF72003D345B /* Collection.swift in Sources */,
				ACF1AC512108BE0B00897732 /* Dictionary.swift in Sources */,
				AC42D3F2212D502E0086A728 /* WordSplitter.swift in Sources */,
				ACF1AC58210B140200897732 /* WordRecognizer.swift in Sources */,
				ACFC8122212DD86C00700C25 /* LetterTypeIdentifier.swift in Sources */,
				ACAF237921398BD4009D8409 /* CGRectEdge.swift in Sources */,
				AC8C0A9A21491AA500F0FD13 /* EqualityChecker.swift in Sources */,
				AC50A875212F2D7700B196BE /* PixelConverter.swift in Sources */,
				AC06D87A20FF4D7200770DBB /* Thread.swift in Sources */,
				AC8E89672126F08800B97163 /* TreeOCRLowData.swift in Sources */,
				AC250A61214EC02A00E6D596 /* TypographicalGrid.swift in Sources */,
			);
			runOnlyForDeploymentPostprocessing = 0;
		};
		AC06D85120FF30D100770DBB /* Sources */ = {
			isa = PBXSourcesBuildPhase;
			buildActionMask = 2147483647;
			files = (
				AC8E89652126C89800B97163 /* TreeOCRUpperData.swift in Sources */,
				AC95B4B9214139FB0007B5C5 /* TrackingDistanceFinderTests.swift in Sources */,
				AC71FB642112E79500EE41C6 /* Protocol.swift in Sources */,
				ACF1AC59210B140200897732 /* WordRecognizer.swift in Sources */,
				AC4CA40021025DE30093D938 /* ScreenShot.swift in Sources */,
				AC8EB594213EBF72003D345B /* Collection.swift in Sources */,
				AC4CA3F921025DDF0093D938 /* CGRect.swift in Sources */,
				AC8C0A9F214A4DEA00F0FD13 /* Leading.swift in Sources */,
				AC95B4B021412B1F0007B5C5 /* TrackingChecker.swift in Sources */,
				AC8C0AB6214AE76500F0FD13 /* LeadingFinderTests.swift in Sources */,
				AC250A6E214EF49400E6D596 /* TextTranscriptorTests.swift in Sources */,
				AC50A87D2133F2F000B196BE /* LetterPixelFinder.swift in Sources */,
				AC4CA40521025DE30093D938 /* TypeConverter.swift in Sources */,
				AC15F81D214CE102001DC55E /* SortedArray.swift in Sources */,
				AC71FB6B2112EBCE00EE41C6 /* Letter.swift in Sources */,
				AC2EC56621161E120085F4DE /* LetterTypeClassificationTests.swift in Sources */,
				AC6B2E4C214BF25B000ACEDC /* DigitColumnDetectionTests.swift in Sources */,
				AC50A876212F2D7700B196BE /* PixelConverter.swift in Sources */,
				AC250A62214EC02A00E6D596 /* TypographicalGrid.swift in Sources */,
				AC8E89682126F08800B97163 /* TreeOCRLowData.swift in Sources */,
				ACF1AC522108BE0B00897732 /* Dictionary.swift in Sources */,
				AC4CA3F821025DDF0093D938 /* Array.swift in Sources */,
				AC95B4CB214261010007B5C5 /* TrackingPreliminaryLetterWidthDetection.swift in Sources */,
				AC4CA3FB21025DDF0093D938 /* NSColor.swift in Sources */,
				ACDA4A7C2114A58E00E3EC18 /* TreeLetterTypeData.swift in Sources */,
				ACFC8123212DD86C00700C25 /* LetterTypeIdentifier.swift in Sources */,
				AC2B7011210CF6B7008743C9 /* LetterExistenceChecker.swift in Sources */,
				AC31C3C72114330000E09F91 /* Checker.swift in Sources */,
				ACF2569A21202C0500B2F084 /* LetterOCRTests.swift in Sources */,
				AC95B4AD2141286A0007B5C5 /* TrackingStartPointFinder.swift in Sources */,
				AC67577C212C5A470051C34A /* CustomColumnCreator.swift in Sources */,
				AC675776212C578B0051C34A /* ClosedRange.swift in Sources */,
				AC4CA40621025DE30093D938 /* WordFactor.swift in Sources */,
				AC8C0AA8214A568D00F0FD13 /* Slicer.swift in Sources */,
				AC71FB712112EE8B00EE41C6 /* GlobalMethods.swift in Sources */,
				AC42D3F3212D502E0086A728 /* WordSplitter.swift in Sources */,
				AC71FB7A2112F1BB00EE41C6 /* Block.swift in Sources */,
				ACF1AC4F21079FA700897732 /* BlockCreator.swift in Sources */,
				AC8C0AAE214A67CC00F0FD13 /* LeadingFinder.swift in Sources */,
				AC95B4C3214142760007B5C5 /* TrackingInfoFinderTests.swift in Sources */,
				AC4CA3F221025DCA0093D938 /* WordTypeIdentifier.swift in Sources */,
				AC4CA3FE21025DE30093D938 /* Tree.swift in Sources */,
				ACF1AC64210B30A400897732 /* DigitColumnMerger.swift in Sources */,
				AC250A5F214EBC4500E6D596 /* TextTranscriptor.swift in Sources */,
				AC71FB6E2112EC3500EE41C6 /* Word.swift in Sources */,
				AC24055A2114B19200017B6F /* TreeLetterType.swift in Sources */,
				ACF1AC61210B2D1100897732 /* DigitColumnDetection.swift in Sources */,
				AC4CA40121025DE30093D938 /* TextDetection.swift in Sources */,
				ACAF237A21398BD4009D8409 /* CGRectEdge.swift in Sources */,
				ACAF237221381C95009D8409 /* Gap.swift in Sources */,
				AC8C0AAB214A605600F0FD13 /* LeadingChecker.swift in Sources */,
				AC95B4A621410B2F0007B5C5 /* TrackingInfoFinder.swift in Sources */,
				AC8C0AA5214A4ECB00F0FD13 /* LeadingStartPointFinder.swift in Sources */,
				ACF1AC552108F86C00897732 /* TextRecognizerManager.swift in Sources */,
				AC250A68214EDF7D00E6D596 /* String.swift in Sources */,
				AC50A8822133FBDD00B196BE /* LetterPixelFinderTests.swift in Sources */,
				AC4CA40221025DE30093D938 /* LetterRecognizer.swift in Sources */,
				ACAF236F2136C798009D8409 /* FrameRate.swift in Sources */,
				AC4CA3F321025DDA0093D938 /* Timer.swift in Sources */,
				AC8C0A9B21491AA500F0FD13 /* EqualityChecker.swift in Sources */,
				AC365FC62110AF7B00764834 /* DigitColumnSplitter.swift in Sources */,
				ACFC8120212DD61900700C25 /* LetterPixelChecker.swift in Sources */,
				AC4CA3F621025DDF0093D938 /* NSImage.swift in Sources */,
				AC31C3CC2114570F00E09F91 /* TreeOCRData.swift in Sources */,
				ACDBF272210F17EC00678812 /* BlockCreatorTests.swift in Sources */,
				AC8C0AA2214A4E0200F0FD13 /* LeadingDistanceFinder.swift in Sources */,
				AC4CA40421025DE30093D938 /* WordType.swift in Sources */,
				AC95B4B3214130C60007B5C5 /* Tracking.swift in Sources */,
				AC675779212C57CF0051C34A /* GapsCreator.swift in Sources */,
				AC9EF09821232861004ED89D /* OCRPicture.swift in Sources */,
				AC95B4AA21410FC50007B5C5 /* TrackingDistanceFinder.swift in Sources */,
				AC4CA3FC21025DDF0093D938 /* CGPoint.swift in Sources */,
				AC250A65214ECA9100E6D596 /* Typography.swift in Sources */,
				AC71FB772112F17E00EE41C6 /* Line.swift in Sources */,
				AC03DCE0213D545D00730DCD /* ColumnType.swift in Sources */,
				ACF1AC6B210C9F4800897732 /* ColorPicker.swift in Sources */,
				AC31C3CF2114573100E09F91 /* TreeOCR.swift in Sources */,
				AC8C0AB4214AB14500F0FD13 /* LeadingDistanceFinderTests.swift in Sources */,
				AC50A87A2133ECD900B196BE /* MissingElementsFinder.swift in Sources */,
				ACAF237721393B45009D8409 /* ArrayTests.swift in Sources */,
				ACF1AC5E210B180700897732 /* RectangleConverter.swift in Sources */,
				AC71FB7D2112F1F300EE41C6 /* Column.swift in Sources */,
				AC71FB682112EAC400EE41C6 /* LineCreator.swift in Sources */,
				AC95B4C6214152120007B5C5 /* ClosedRangeTests.swift in Sources */,
				AC4CA3FD21025DDF0093D938 /* VNRectangleObservation.swift in Sources */,
				AC250A6C214EE92900E6D596 /* LeadingTests.swift in Sources */,
				AC15F820214D0ADD001DC55E /* BlockSplitter.swift in Sources */,
				AC4CA3FA21025DDF0093D938 /* NSBitmapImageRep.swift in Sources */,
				AC457DF32148198700D9E69F /* BlockTestHelper.swift in Sources */,
				AC4CA3F721025DDF0093D938 /* Thread.swift in Sources */,
				AC4CA3F521025DDF0093D938 /* Double.swift in Sources */,
				AC03DD01213DC2F200730DCD /* CodableHelper.swift in Sources */,
				ACFC8126212E959600700C25 /* MissingElementsRestorer.swift in Sources */,
			);
			runOnlyForDeploymentPostprocessing = 0;
		};
		AC06D85C20FF30D100770DBB /* Sources */ = {
			isa = PBXSourcesBuildPhase;
			buildActionMask = 2147483647;
			files = (
				AC06D86520FF30D100770DBB /* CopyCodeUITests.swift in Sources */,
			);
			runOnlyForDeploymentPostprocessing = 0;
		};
/* End PBXSourcesBuildPhase section */

/* Begin PBXTargetDependency section */
		AC06D85720FF30D100770DBB /* PBXTargetDependency */ = {
			isa = PBXTargetDependency;
			target = AC06D84220FF30D000770DBB /* CopyCode */;
			targetProxy = AC06D85620FF30D100770DBB /* PBXContainerItemProxy */;
		};
		AC06D86220FF30D100770DBB /* PBXTargetDependency */ = {
			isa = PBXTargetDependency;
			target = AC06D84220FF30D000770DBB /* CopyCode */;
			targetProxy = AC06D86120FF30D100770DBB /* PBXContainerItemProxy */;
		};
/* End PBXTargetDependency section */

/* Begin PBXVariantGroup section */
		AC06D84C20FF30D100770DBB /* Main.storyboard */ = {
			isa = PBXVariantGroup;
			children = (
				AC06D84D20FF30D100770DBB /* Base */,
			);
			name = Main.storyboard;
			sourceTree = "<group>";
		};
/* End PBXVariantGroup section */

/* Begin XCBuildConfiguration section */
		AC06D86720FF30D100770DBB /* Debug */ = {
			isa = XCBuildConfiguration;
			buildSettings = {
				ALWAYS_SEARCH_USER_PATHS = NO;
				CLANG_ANALYZER_NONNULL = YES;
				CLANG_ANALYZER_NUMBER_OBJECT_CONVERSION = YES_AGGRESSIVE;
				CLANG_CXX_LANGUAGE_STANDARD = "gnu++14";
				CLANG_CXX_LIBRARY = "libc++";
				CLANG_ENABLE_MODULES = YES;
				CLANG_ENABLE_OBJC_ARC = YES;
				CLANG_ENABLE_OBJC_WEAK = YES;
				CLANG_WARN_BLOCK_CAPTURE_AUTORELEASING = YES;
				CLANG_WARN_BOOL_CONVERSION = YES;
				CLANG_WARN_COMMA = YES;
				CLANG_WARN_CONSTANT_CONVERSION = YES;
				CLANG_WARN_DEPRECATED_OBJC_IMPLEMENTATIONS = YES;
				CLANG_WARN_DIRECT_OBJC_ISA_USAGE = YES_ERROR;
				CLANG_WARN_DOCUMENTATION_COMMENTS = YES;
				CLANG_WARN_EMPTY_BODY = YES;
				CLANG_WARN_ENUM_CONVERSION = YES;
				CLANG_WARN_INFINITE_RECURSION = YES;
				CLANG_WARN_INT_CONVERSION = YES;
				CLANG_WARN_NON_LITERAL_NULL_CONVERSION = YES;
				CLANG_WARN_OBJC_IMPLICIT_RETAIN_SELF = YES;
				CLANG_WARN_OBJC_LITERAL_CONVERSION = YES;
				CLANG_WARN_OBJC_ROOT_CLASS = YES_ERROR;
				CLANG_WARN_RANGE_LOOP_ANALYSIS = YES;
				CLANG_WARN_STRICT_PROTOTYPES = YES;
				CLANG_WARN_SUSPICIOUS_MOVE = YES;
				CLANG_WARN_UNGUARDED_AVAILABILITY = YES_AGGRESSIVE;
				CLANG_WARN_UNREACHABLE_CODE = YES;
				CLANG_WARN__DUPLICATE_METHOD_MATCH = YES;
				CODE_SIGN_IDENTITY = "Mac Developer";
				COPY_PHASE_STRIP = NO;
				DEBUG_INFORMATION_FORMAT = dwarf;
				ENABLE_STRICT_OBJC_MSGSEND = YES;
				ENABLE_TESTABILITY = YES;
				GCC_C_LANGUAGE_STANDARD = gnu11;
				GCC_DYNAMIC_NO_PIC = NO;
				GCC_NO_COMMON_BLOCKS = YES;
				GCC_OPTIMIZATION_LEVEL = 0;
				GCC_PREPROCESSOR_DEFINITIONS = (
					"DEBUG=1",
					"$(inherited)",
				);
				GCC_WARN_64_TO_32_BIT_CONVERSION = YES;
				GCC_WARN_ABOUT_RETURN_TYPE = YES_ERROR;
				GCC_WARN_UNDECLARED_SELECTOR = YES;
				GCC_WARN_UNINITIALIZED_AUTOS = YES_AGGRESSIVE;
				GCC_WARN_UNUSED_FUNCTION = YES;
				GCC_WARN_UNUSED_VARIABLE = YES;
				MACOSX_DEPLOYMENT_TARGET = 10.14;
				MTL_ENABLE_DEBUG_INFO = INCLUDE_SOURCE;
				MTL_FAST_MATH = YES;
				ONLY_ACTIVE_ARCH = YES;
				SDKROOT = macosx;
				SWIFT_ACTIVE_COMPILATION_CONDITIONS = DEBUG;
				SWIFT_OPTIMIZATION_LEVEL = "-Onone";
			};
			name = Debug;
		};
		AC06D86820FF30D100770DBB /* Release */ = {
			isa = XCBuildConfiguration;
			buildSettings = {
				ALWAYS_SEARCH_USER_PATHS = NO;
				CLANG_ANALYZER_NONNULL = YES;
				CLANG_ANALYZER_NUMBER_OBJECT_CONVERSION = YES_AGGRESSIVE;
				CLANG_CXX_LANGUAGE_STANDARD = "gnu++14";
				CLANG_CXX_LIBRARY = "libc++";
				CLANG_ENABLE_MODULES = YES;
				CLANG_ENABLE_OBJC_ARC = YES;
				CLANG_ENABLE_OBJC_WEAK = YES;
				CLANG_WARN_BLOCK_CAPTURE_AUTORELEASING = YES;
				CLANG_WARN_BOOL_CONVERSION = YES;
				CLANG_WARN_COMMA = YES;
				CLANG_WARN_CONSTANT_CONVERSION = YES;
				CLANG_WARN_DEPRECATED_OBJC_IMPLEMENTATIONS = YES;
				CLANG_WARN_DIRECT_OBJC_ISA_USAGE = YES_ERROR;
				CLANG_WARN_DOCUMENTATION_COMMENTS = YES;
				CLANG_WARN_EMPTY_BODY = YES;
				CLANG_WARN_ENUM_CONVERSION = YES;
				CLANG_WARN_INFINITE_RECURSION = YES;
				CLANG_WARN_INT_CONVERSION = YES;
				CLANG_WARN_NON_LITERAL_NULL_CONVERSION = YES;
				CLANG_WARN_OBJC_IMPLICIT_RETAIN_SELF = YES;
				CLANG_WARN_OBJC_LITERAL_CONVERSION = YES;
				CLANG_WARN_OBJC_ROOT_CLASS = YES_ERROR;
				CLANG_WARN_RANGE_LOOP_ANALYSIS = YES;
				CLANG_WARN_STRICT_PROTOTYPES = YES;
				CLANG_WARN_SUSPICIOUS_MOVE = YES;
				CLANG_WARN_UNGUARDED_AVAILABILITY = YES_AGGRESSIVE;
				CLANG_WARN_UNREACHABLE_CODE = YES;
				CLANG_WARN__DUPLICATE_METHOD_MATCH = YES;
				CODE_SIGN_IDENTITY = "Mac Developer";
				COPY_PHASE_STRIP = NO;
				DEBUG_INFORMATION_FORMAT = "dwarf-with-dsym";
				ENABLE_NS_ASSERTIONS = NO;
				ENABLE_STRICT_OBJC_MSGSEND = YES;
				GCC_C_LANGUAGE_STANDARD = gnu11;
				GCC_NO_COMMON_BLOCKS = YES;
				GCC_WARN_64_TO_32_BIT_CONVERSION = YES;
				GCC_WARN_ABOUT_RETURN_TYPE = YES_ERROR;
				GCC_WARN_UNDECLARED_SELECTOR = YES;
				GCC_WARN_UNINITIALIZED_AUTOS = YES_AGGRESSIVE;
				GCC_WARN_UNUSED_FUNCTION = YES;
				GCC_WARN_UNUSED_VARIABLE = YES;
				MACOSX_DEPLOYMENT_TARGET = 10.14;
				MTL_ENABLE_DEBUG_INFO = NO;
				MTL_FAST_MATH = YES;
				SDKROOT = macosx;
				SWIFT_COMPILATION_MODE = wholemodule;
				SWIFT_OPTIMIZATION_LEVEL = "-O";
			};
			name = Release;
		};
		AC06D86A20FF30D100770DBB /* Debug */ = {
			isa = XCBuildConfiguration;
			buildSettings = {
				ASSETCATALOG_COMPILER_APPICON_NAME = AppIcon;
				CODE_SIGN_ENTITLEMENTS = "CopyCode/Supporting Files/CopyCode.entitlements";
				CODE_SIGN_STYLE = Automatic;
				COMBINE_HIDPI_IMAGES = YES;
				DEVELOPMENT_TEAM = J95NJ42N7K;
				INFOPLIST_FILE = "CopyCode/Supporting Files/Info.plist";
				LD_RUNPATH_SEARCH_PATHS = (
					"$(inherited)",
					"@executable_path/../Frameworks",
				);
				PRODUCT_BUNDLE_IDENTIFIER = martiros.CopyCode;
				PRODUCT_NAME = "$(TARGET_NAME)";
				SWIFT_VERSION = 4.2;
			};
			name = Debug;
		};
		AC06D86B20FF30D100770DBB /* Release */ = {
			isa = XCBuildConfiguration;
			buildSettings = {
				ASSETCATALOG_COMPILER_APPICON_NAME = AppIcon;
				CODE_SIGN_ENTITLEMENTS = "CopyCode/Supporting Files/CopyCode.entitlements";
				CODE_SIGN_STYLE = Automatic;
				COMBINE_HIDPI_IMAGES = YES;
				DEVELOPMENT_TEAM = J95NJ42N7K;
				INFOPLIST_FILE = "CopyCode/Supporting Files/Info.plist";
				LD_RUNPATH_SEARCH_PATHS = (
					"$(inherited)",
					"@executable_path/../Frameworks",
				);
				PRODUCT_BUNDLE_IDENTIFIER = martiros.CopyCode;
				PRODUCT_NAME = "$(TARGET_NAME)";
				SWIFT_VERSION = 4.2;
			};
			name = Release;
		};
		AC06D86D20FF30D100770DBB /* Debug */ = {
			isa = XCBuildConfiguration;
			buildSettings = {
				ALWAYS_EMBED_SWIFT_STANDARD_LIBRARIES = YES;
				BUNDLE_LOADER = "$(TEST_HOST)";
				CODE_SIGN_STYLE = Automatic;
				COMBINE_HIDPI_IMAGES = YES;
				DEVELOPMENT_TEAM = J95NJ42N7K;
				INFOPLIST_FILE = CopyCodeTests/Info.plist;
				LD_RUNPATH_SEARCH_PATHS = (
					"$(inherited)",
					"@executable_path/../Frameworks",
					"@loader_path/../Frameworks",
				);
				PRODUCT_BUNDLE_IDENTIFIER = ssss.CopyCodeTests;
				PRODUCT_NAME = "$(TARGET_NAME)";
				SWIFT_VERSION = 4.2;
				TEST_HOST = "$(BUILT_PRODUCTS_DIR)/CopyCode.app/Contents/MacOS/CopyCode";
			};
			name = Debug;
		};
		AC06D86E20FF30D100770DBB /* Release */ = {
			isa = XCBuildConfiguration;
			buildSettings = {
				ALWAYS_EMBED_SWIFT_STANDARD_LIBRARIES = YES;
				BUNDLE_LOADER = "$(TEST_HOST)";
				CODE_SIGN_STYLE = Automatic;
				COMBINE_HIDPI_IMAGES = YES;
				DEVELOPMENT_TEAM = J95NJ42N7K;
				INFOPLIST_FILE = CopyCodeTests/Info.plist;
				LD_RUNPATH_SEARCH_PATHS = (
					"$(inherited)",
					"@executable_path/../Frameworks",
					"@loader_path/../Frameworks",
				);
				PRODUCT_BUNDLE_IDENTIFIER = ssss.CopyCodeTests;
				PRODUCT_NAME = "$(TARGET_NAME)";
				SWIFT_VERSION = 4.2;
				TEST_HOST = "$(BUILT_PRODUCTS_DIR)/CopyCode.app/Contents/MacOS/CopyCode";
			};
			name = Release;
		};
		AC06D87020FF30D100770DBB /* Debug */ = {
			isa = XCBuildConfiguration;
			buildSettings = {
				ALWAYS_EMBED_SWIFT_STANDARD_LIBRARIES = YES;
				CODE_SIGN_STYLE = Automatic;
				COMBINE_HIDPI_IMAGES = YES;
				DEVELOPMENT_TEAM = J95NJ42N7K;
				INFOPLIST_FILE = CopyCodeUITests/Info.plist;
				LD_RUNPATH_SEARCH_PATHS = (
					"$(inherited)",
					"@executable_path/../Frameworks",
					"@loader_path/../Frameworks",
				);
				PRODUCT_BUNDLE_IDENTIFIER = ssss.CopyCodeUITests;
				PRODUCT_NAME = "$(TARGET_NAME)";
				SWIFT_VERSION = 4.2;
				TEST_TARGET_NAME = CopyCode;
			};
			name = Debug;
		};
		AC06D87120FF30D100770DBB /* Release */ = {
			isa = XCBuildConfiguration;
			buildSettings = {
				ALWAYS_EMBED_SWIFT_STANDARD_LIBRARIES = YES;
				CODE_SIGN_STYLE = Automatic;
				COMBINE_HIDPI_IMAGES = YES;
				DEVELOPMENT_TEAM = J95NJ42N7K;
				INFOPLIST_FILE = CopyCodeUITests/Info.plist;
				LD_RUNPATH_SEARCH_PATHS = (
					"$(inherited)",
					"@executable_path/../Frameworks",
					"@loader_path/../Frameworks",
				);
				PRODUCT_BUNDLE_IDENTIFIER = ssss.CopyCodeUITests;
				PRODUCT_NAME = "$(TARGET_NAME)";
				SWIFT_VERSION = 4.2;
				TEST_TARGET_NAME = CopyCode;
			};
			name = Release;
		};
/* End XCBuildConfiguration section */

/* Begin XCConfigurationList section */
		AC06D83E20FF30D000770DBB /* Build configuration list for PBXProject "CopyCode" */ = {
			isa = XCConfigurationList;
			buildConfigurations = (
				AC06D86720FF30D100770DBB /* Debug */,
				AC06D86820FF30D100770DBB /* Release */,
			);
			defaultConfigurationIsVisible = 0;
			defaultConfigurationName = Release;
		};
		AC06D86920FF30D100770DBB /* Build configuration list for PBXNativeTarget "CopyCode" */ = {
			isa = XCConfigurationList;
			buildConfigurations = (
				AC06D86A20FF30D100770DBB /* Debug */,
				AC06D86B20FF30D100770DBB /* Release */,
			);
			defaultConfigurationIsVisible = 0;
			defaultConfigurationName = Release;
		};
		AC06D86C20FF30D100770DBB /* Build configuration list for PBXNativeTarget "CopyCodeTests" */ = {
			isa = XCConfigurationList;
			buildConfigurations = (
				AC06D86D20FF30D100770DBB /* Debug */,
				AC06D86E20FF30D100770DBB /* Release */,
			);
			defaultConfigurationIsVisible = 0;
			defaultConfigurationName = Release;
		};
		AC06D86F20FF30D100770DBB /* Build configuration list for PBXNativeTarget "CopyCodeUITests" */ = {
			isa = XCConfigurationList;
			buildConfigurations = (
				AC06D87020FF30D100770DBB /* Debug */,
				AC06D87120FF30D100770DBB /* Release */,
			);
			defaultConfigurationIsVisible = 0;
			defaultConfigurationName = Release;
		};
/* End XCConfigurationList section */
	};
	rootObject = AC06D83B20FF30D000770DBB /* Project object */;
}
