PODS:
  - AppCenter (1.9.0):
    - AppCenter/Analytics (= 1.9.0)
    - AppCenter/Crashes (= 1.9.0)
  - AppCenter/Analytics (1.9.0):
    - AppCenter/Core
  - AppCenter/Core (1.9.0)
  - AppCenter/Crashes (1.9.0):
    - AppCenter/Core
  - HockeySDK-Mac (5.1.0)
  - MASShortcut (2.3.6)
  - Mixpanel-swift (2.4.4):
    - Mixpanel-swift/Complete (= 2.4.4)
  - Mixpanel-swift/Complete (2.4.4)
  - SwiftLint (0.27.0)

DEPENDENCIES:
  - AppCenter
  - AppCenter/Analytics
  - AppCenter/Crashes
  - HockeySDK-Mac (~> 5.1.0)
  - MASShortcut
  - Mixpanel-swift
  - SwiftLint

SPEC REPOS:
  https://github.com/cocoapods/specs.git:
    - AppCenter
    - HockeySDK-Mac
    - MASShortcut
    - Mixpanel-swift
    - SwiftLint

SPEC CHECKSUMS:
  AppCenter: 3cf7b9387549e9703dab068793e404013e8c0cc1
  HockeySDK-Mac: b313b42665ee33546a861996ad60267f86bfd585
  MASShortcut: 9c215e8a8a78f3d01ce56da48e2730ab66b538fa
  Mixpanel-swift: 1908db7a972b362fcab1a0c3b37ec6087b95d8d9
  SwiftLint: 3207c1faa2240bf8973b191820a116113cd11073

PODFILE CHECKSUM: 5b1d5f2fec22f7f5e92e4658c318b75fe7b3595b

COCOAPODS: 1.6.0.beta.1
